// !$*UTF8*$!
{
	archiveVersion = 1;
	classes = {
	};
	objectVersion = 70;
	objects = {

/* Begin PBXAggregateTarget section */
		FED9EFEB2F13127E00E7A555 /* All */ = {
			isa = PBXAggregateTarget;
			buildConfigurationList = FED9EFEE2F13127E00E7A555 /* Build configuration list for PBXAggregateTarget "All" */;
			buildPhases = (
			);
			dependencies = (
				FED9EFF02F13129E00E7A555 /* PBXTargetDependency */,
				FED9EFF62F13129E00E7A555 /* PBXTargetDependency */,
			);
			name = All;
			packageProductDependencies = (
			);
			productName = All;
		};
/* End PBXAggregateTarget section */

/* Begin PBXBuildFile section */
		FEB4895E2E6E6E8F0043057D /* ArgumentParser in Frameworks */ = {isa = PBXBuildFile; productRef = FEB4895D2E6E6E8F0043057D /* ArgumentParser */; };
		FEB722BE2E776336006A4DA2 /* Algorithms in Frameworks */ = {isa = PBXBuildFile; productRef = FEB722BD2E776336006A4DA2 /* Algorithms */; };
		FEE44E752E8B4DE20080998E /* Algorithms in Frameworks */ = {isa = PBXBuildFile; productRef = FEE44E742E8B4DE20080998E /* Algorithms */; };
/* End PBXBuildFile section */

/* Begin PBXContainerItemProxy section */
		FED9EFEF2F13129E00E7A555 /* PBXContainerItemProxy */ = {
			isa = PBXContainerItemProxy;
			containerPortal = FE5360F529CE82CA00618099 /* Project object */;
			proxyType = 1;
			remoteGlobalIDString = FE5360FC29CE82CA00618099;
			remoteInfo = SiteApp;
		};
		FED9EFF52F13129E00E7A555 /* PBXContainerItemProxy */ = {
			isa = PBXContainerItemProxy;
			containerPortal = FE5360F529CE82CA00618099 /* Project object */;
			proxyType = 1;
			remoteGlobalIDString = FEB4864F2E6E6D740043057D;
			remoteInfo = site_tool;
		};
		FEE0AED02E6E74F5005CE1AB /* PBXContainerItemProxy */ = {
			isa = PBXContainerItemProxy;
			containerPortal = FE5360F529CE82CA00618099 /* Project object */;
			proxyType = 1;
			remoteGlobalIDString = FE5360FC29CE82CA00618099;
			remoteInfo = SiteApp;
		};
/* End PBXContainerItemProxy section */

/* Begin PBXCopyFilesBuildPhase section */
		FEB4864E2E6E6D740043057D /* CopyFiles */ = {
			isa = PBXCopyFilesBuildPhase;
			buildActionMask = 2147483647;
			dstPath = /usr/share/man/man1/;
			dstSubfolderSpec = 0;
			files = (
			);
			runOnlyForDeploymentPostprocessing = 1;
		};
/* End PBXCopyFilesBuildPhase section */

/* Begin PBXFileReference section */
		FE5360FD29CE82CA00618099 /* SiteApp.app */ = {isa = PBXFileReference; explicitFileType = wrapper.application; includeInIndex = 0; path = SiteApp.app; sourceTree = BUILT_PRODUCTS_DIR; };
		FE9910DC2AC205A70054D229 /* Config.xcconfig */ = {isa = PBXFileReference; lastKnownFileType = text.xcconfig; path = Config.xcconfig; sourceTree = "<group>"; };
		FEB486502E6E6D740043057D /* site_tool */ = {isa = PBXFileReference; explicitFileType = "compiled.mach-o.executable"; includeInIndex = 0; path = site_tool; sourceTree = BUILT_PRODUCTS_DIR; };
		FEC1720F2E70F1E800E8EFC8 /* README.md */ = {isa = PBXFileReference; lastKnownFileType = net.daringfireball.markdown; path = README.md; sourceTree = "<group>"; };
		FED9EFF72F1312F700E7A555 /* All.xctestplan */ = {isa = PBXFileReference; lastKnownFileType = text; name = All.xctestplan; path = Tests/All.xctestplan; sourceTree = "<group>"; };
		FEE0AECC2E6E74F5005CE1AB /* Tests.xctest */ = {isa = PBXFileReference; explicitFileType = wrapper.cfbundle; includeInIndex = 0; path = Tests.xctest; sourceTree = BUILT_PRODUCTS_DIR; };
/* End PBXFileReference section */

/* Begin PBXFileSystemSynchronizedBuildFileExceptionSet section */
		FE00AC872EB848A4003DE0C6 /* PBXFileSystemSynchronizedBuildFileExceptionSet */ = {
			isa = PBXFileSystemSynchronizedBuildFileExceptionSet;
			membershipExceptions = (
				App/Info.plist,
				DiaryData/Diary.swift,
				"DiaryData/Diary+URL.swift",
				DiaryData/Entry.swift,
				site_tool/AssociatedDomainsCommand.swift,
				site_tool/DumpBracketCommand.swift,
				site_tool/DumpDiaryCommand.swift,
				site_tool/DumpVaultCommand.swift,
				site_tool/NextIDCommand.swift,
				site_tool/Program.swift,
				site_tool/RootURLArguments.swift,
				"site_tool/RootURLArguments+Bracket.swift",
				"site_tool/RootURLArguments+Diary.swift",
				"site_tool/RootURLArguments+Music.swift",
				"site_tool/RootURLArguments+Vault.swift",
			);
			target = FE5360FC29CE82CA00618099 /* SiteApp */;
		};
		FE00AC882EB848A4003DE0C6 /* PBXFileSystemSynchronizedBuildFileExceptionSet */ = {
			isa = PBXFileSystemSynchronizedBuildFileExceptionSet;
			membershipExceptions = (
				DiaryData/Diary.swift,
				"DiaryData/Diary+URL.swift",
				DiaryData/Entry.swift,
				MusicData/Album.swift,
				MusicData/Annum.swift,
				"MusicData/Annum+FormatStyle.swift",
				"MusicData/Annum+ParseableFormatStyle.swift",
				MusicData/AnnumDigest.swift,
				MusicData/ArchiveCategory.swift,
				"MusicData/ArchiveCategory+FormatStyle.swift",
				"MusicData/ArchiveCategory+ParseableFormatStyle.swift",
				"MusicData/ArchiveCategory+URL.swift",
				MusicData/ArchivePath.swift,
				"MusicData/ArchivePath+ArchiveCategory.swift",
				"MusicData/ArchivePath+Codable.swift",
				"MusicData/ArchivePath+FormatStyle.swift",
				"MusicData/ArchivePath+Navigable.swift",
				"MusicData/ArchivePath+ParseableFormatStyle.swift",
				"MusicData/ArchivePath+URL.swift",
				MusicData/Artist.swift,
				"MusicData/Artist+LibraryComparable.swift",
				MusicData/ArtistDigest.swift,
				"MusicData/ArtistDigest+LibraryComparable.swift",
				MusicData/Bracket.swift,
				MusicData/Concert.swift,
				"MusicData/Concert+FormatStyle.swift",
				"MusicData/Concert+Performers.swift",
				"MusicData/Concert+Stats.swift",
				MusicData/Decade.FormatStyle.swift,
				MusicData/Decade.swift,
				MusicData/FirstSet.swift,
				"MusicData/LibraryComparator+Concert.swift",
				"MusicData/LibrarySectioner+Music.swift",
				MusicData/Location.swift,
				"MusicData/Location+Comparable.swift",
				"MusicData/Location+FormatStyle.swift",
				MusicData/Lookup.swift,
				MusicData/Music.swift,
				"MusicData/Music+Ranking.swift",
				"MusicData/Music+ShowsOnly.swift",
				"MusicData/Music+URL.swift",
				MusicData/PartialDate.swift,
				"MusicData/PartialDate+Date.swift",
				"MusicData/PartialDate+FormatStyle.swift",
				"MusicData/PartialDate+Span.swift",
				MusicData/PathRestorable.swift,
				MusicData/Rank.swift,
				MusicData/Ranking.swift,
				"MusicData/Ranking+Compute.swift",
				MusicData/Related.swift,
				MusicData/Relation.swift,
				MusicData/Show.swift,
				MusicData/ShowDigest.swift,
				"MusicData/ShowDigest+Stats.swift",
				MusicData/Song.swift,
				MusicData/Vault.swift,
				"MusicData/Vault+URL.swift",
				MusicData/Venue.swift,
				"MusicData/Venue+FormatStyle.swift",
				"MusicData/Venue+LibraryComparable.swift",
				MusicData/VenueDigest.swift,
				"MusicData/VenueDigest+LibraryComparable.swift",
				site_tool/AssociatedDomainsCommand.swift,
				site_tool/DumpBracketCommand.swift,
				site_tool/DumpDiaryCommand.swift,
				site_tool/DumpVaultCommand.swift,
				site_tool/NextIDCommand.swift,
				site_tool/Program.swift,
				site_tool/RootURLArguments.swift,
				"site_tool/RootURLArguments+Bracket.swift",
				"site_tool/RootURLArguments+Diary.swift",
				"site_tool/RootURLArguments+Music.swift",
				"site_tool/RootURLArguments+Vault.swift",
				Utilities/CompareOptional.swift,
				"Utilities/Data+JSON.swift",
				"Utilities/Date+DayOfLeapYear.swift",
				"Utilities/Date+Year.swift",
				Utilities/LibraryComparable.swift,
				Utilities/LibraryComparator.swift,
				Utilities/LibraryCompareTokenizer.swift,
				Utilities/LibrarySection.swift,
				Utilities/LibrarySectioner.swift,
				"Utilities/Logger+Category.swift",
				"Utilities/String+LibrarySection.swift",
				"Utilities/URL+JSON.swift",
			);
			target = FEB4864F2E6E6D740043057D /* site_tool */;
		};
/* End PBXFileSystemSynchronizedBuildFileExceptionSet section */

/* Begin PBXFileSystemSynchronizedRootGroup section */
		FE00A63E2EB8486D003DE0C6 /* Tests */ = {isa = PBXFileSystemSynchronizedRootGroup; explicitFileTypes = {}; explicitFolders = (); path = Tests; sourceTree = "<group>"; };
		FE00AB182EB848A4003DE0C6 /* Sources */ = {isa = PBXFileSystemSynchronizedRootGroup; exceptions = (FE00AC872EB848A4003DE0C6 /* PBXFileSystemSynchronizedBuildFileExceptionSet */, FE00AC882EB848A4003DE0C6 /* PBXFileSystemSynchronizedBuildFileExceptionSet */, ); explicitFileTypes = {}; explicitFolders = (); path = Sources; sourceTree = "<group>"; };
/* End PBXFileSystemSynchronizedRootGroup section */

/* Begin PBXFrameworksBuildPhase section */
		FE5360FA29CE82CA00618099 /* Frameworks */ = {
			isa = PBXFrameworksBuildPhase;
			buildActionMask = 2147483647;
			files = (
				FEB722BE2E776336006A4DA2 /* Algorithms in Frameworks */,
			);
			runOnlyForDeploymentPostprocessing = 0;
		};
		FEB4864D2E6E6D740043057D /* Frameworks */ = {
			isa = PBXFrameworksBuildPhase;
			buildActionMask = 2147483647;
			files = (
				FEE44E752E8B4DE20080998E /* Algorithms in Frameworks */,
				FEB4895E2E6E6E8F0043057D /* ArgumentParser in Frameworks */,
			);
			runOnlyForDeploymentPostprocessing = 0;
		};
		FEE0AEC92E6E74F5005CE1AB /* Frameworks */ = {
			isa = PBXFrameworksBuildPhase;
			buildActionMask = 2147483647;
			files = (
			);
			runOnlyForDeploymentPostprocessing = 0;
		};
/* End PBXFrameworksBuildPhase section */

/* Begin PBXGroup section */
		FE5360F429CE82CA00618099 = {
			isa = PBXGroup;
			children = (
				FED9EFF72F1312F700E7A555 /* All.xctestplan */,
				FE9910DC2AC205A70054D229 /* Config.xcconfig */,
				FEC1720F2E70F1E800E8EFC8 /* README.md */,
				FE00AB182EB848A4003DE0C6 /* Sources */,
				FE00A63E2EB8486D003DE0C6 /* Tests */,
				FE5360FE29CE82CA00618099 /* Products */,
			);
			sourceTree = "<group>";
		};
		FE5360FE29CE82CA00618099 /* Products */ = {
			isa = PBXGroup;
			children = (
				FE5360FD29CE82CA00618099 /* SiteApp.app */,
				FEB486502E6E6D740043057D /* site_tool */,
				FEE0AECC2E6E74F5005CE1AB /* Tests.xctest */,
			);
			name = Products;
			sourceTree = "<group>";
		};
/* End PBXGroup section */

/* Begin PBXNativeTarget section */
		FE5360FC29CE82CA00618099 /* SiteApp */ = {
			isa = PBXNativeTarget;
			buildConfigurationList = FE53610C29CE82CB00618099 /* Build configuration list for PBXNativeTarget "SiteApp" */;
			buildPhases = (
				FE5360F929CE82CA00618099 /* Sources */,
				FE5360FA29CE82CA00618099 /* Frameworks */,
				FE5360FB29CE82CA00618099 /* Resources */,
			);
			buildRules = (
			);
			dependencies = (
			);
			fileSystemSynchronizedGroups = (
				FE00AB182EB848A4003DE0C6 /* Sources */,
			);
			name = SiteApp;
			packageProductDependencies = (
				FEB722BD2E776336006A4DA2 /* Algorithms */,
			);
			productName = SiteApp;
			productReference = FE5360FD29CE82CA00618099 /* SiteApp.app */;
			productType = "com.apple.product-type.application";
		};
		FEB4864F2E6E6D740043057D /* site_tool */ = {
			isa = PBXNativeTarget;
			buildConfigurationList = FEB486562E6E6D740043057D /* Build configuration list for PBXNativeTarget "site_tool" */;
			buildPhases = (
				FEB4864C2E6E6D740043057D /* Sources */,
				FEB4864D2E6E6D740043057D /* Frameworks */,
				FEB4864E2E6E6D740043057D /* CopyFiles */,
			);
			buildRules = (
			);
			dependencies = (
			);
			name = site_tool;
			packageProductDependencies = (
				FEB4895D2E6E6E8F0043057D /* ArgumentParser */,
				FEE44E742E8B4DE20080998E /* Algorithms */,
			);
			productName = site_tool;
			productReference = FEB486502E6E6D740043057D /* site_tool */;
			productType = "com.apple.product-type.tool";
		};
		FEE0AECB2E6E74F5005CE1AB /* Tests */ = {
			isa = PBXNativeTarget;
			buildConfigurationList = FEE0AED22E6E74F5005CE1AB /* Build configuration list for PBXNativeTarget "Tests" */;
			buildPhases = (
				FEE0AEC82E6E74F5005CE1AB /* Sources */,
				FEE0AEC92E6E74F5005CE1AB /* Frameworks */,
				FEE0AECA2E6E74F5005CE1AB /* Resources */,
			);
			buildRules = (
			);
			dependencies = (
				FEE0AED12E6E74F5005CE1AB /* PBXTargetDependency */,
			);
			fileSystemSynchronizedGroups = (
				FE00A63E2EB8486D003DE0C6 /* Tests */,
			);
			name = Tests;
			packageProductDependencies = (
			);
			productName = Tests;
			productReference = FEE0AECC2E6E74F5005CE1AB /* Tests.xctest */;
			productType = "com.apple.product-type.bundle.unit-test";
		};
/* End PBXNativeTarget section */

/* Begin PBXProject section */
		FE5360F529CE82CA00618099 /* Project object */ = {
			isa = PBXProject;
			attributes = {
				BuildIndependentTargetsInParallel = 1;
				LastSwiftUpdateCheck = 1640;
				LastUpgradeCheck = 2600;
				TargetAttributes = {
					FE5360FC29CE82CA00618099 = {
						CreatedOnToolsVersion = 14.2;
					};
					FEB4864F2E6E6D740043057D = {
						CreatedOnToolsVersion = 16.4;
					};
					FED9EFEB2F13127E00E7A555 = {
						CreatedOnToolsVersion = 26.2;
					};
					FEE0AECB2E6E74F5005CE1AB = {
						CreatedOnToolsVersion = 16.4;
						TestTargetID = FE5360FC29CE82CA00618099;
					};
				};
			};
			buildConfigurationList = FE5360F829CE82CA00618099 /* Build configuration list for PBXProject "SiteApp" */;
			compatibilityVersion = "Xcode 14.0";
			developmentRegion = en;
			hasScannedForEncodings = 0;
			knownRegions = (
				en,
				Base,
			);
			mainGroup = FE5360F429CE82CA00618099;
			packageReferences = (
				FEB4895C2E6E6E8F0043057D /* XCRemoteSwiftPackageReference "swift-argument-parser" */,
				FEB722BC2E776336006A4DA2 /* XCRemoteSwiftPackageReference "swift-algorithms" */,
			);
			productRefGroup = FE5360FE29CE82CA00618099 /* Products */;
			projectDirPath = "";
			projectRoot = "";
			targets = (
				FED9EFEB2F13127E00E7A555 /* All */,
				FE5360FC29CE82CA00618099 /* SiteApp */,
				FEB4864F2E6E6D740043057D /* site_tool */,
				FEE0AECB2E6E74F5005CE1AB /* Tests */,
			);
		};
/* End PBXProject section */

/* Begin PBXResourcesBuildPhase section */
		FE5360FB29CE82CA00618099 /* Resources */ = {
			isa = PBXResourcesBuildPhase;
			buildActionMask = 2147483647;
			files = (
			);
			runOnlyForDeploymentPostprocessing = 0;
		};
		FEE0AECA2E6E74F5005CE1AB /* Resources */ = {
			isa = PBXResourcesBuildPhase;
			buildActionMask = 2147483647;
			files = (
			);
			runOnlyForDeploymentPostprocessing = 0;
		};
/* End PBXResourcesBuildPhase section */

/* Begin PBXSourcesBuildPhase section */
		FE5360F929CE82CA00618099 /* Sources */ = {
			isa = PBXSourcesBuildPhase;
			buildActionMask = 2147483647;
			files = (
			);
			runOnlyForDeploymentPostprocessing = 0;
		};
		FEB4864C2E6E6D740043057D /* Sources */ = {
			isa = PBXSourcesBuildPhase;
			buildActionMask = 2147483647;
			files = (
			);
			runOnlyForDeploymentPostprocessing = 0;
		};
		FEE0AEC82E6E74F5005CE1AB /* Sources */ = {
			isa = PBXSourcesBuildPhase;
			buildActionMask = 2147483647;
			files = (
			);
			runOnlyForDeploymentPostprocessing = 0;
		};
/* End PBXSourcesBuildPhase section */

/* Begin PBXTargetDependency section */
		FED9EFF02F13129E00E7A555 /* PBXTargetDependency */ = {
			isa = PBXTargetDependency;
			target = FE5360FC29CE82CA00618099 /* SiteApp */;
			targetProxy = FED9EFEF2F13129E00E7A555 /* PBXContainerItemProxy */;
		};
		FED9EFF62F13129E00E7A555 /* PBXTargetDependency */ = {
			isa = PBXTargetDependency;
			target = FEB4864F2E6E6D740043057D /* site_tool */;
			targetProxy = FED9EFF52F13129E00E7A555 /* PBXContainerItemProxy */;
		};
		FEE0AED12E6E74F5005CE1AB /* PBXTargetDependency */ = {
			isa = PBXTargetDependency;
			target = FE5360FC29CE82CA00618099 /* SiteApp */;
			targetProxy = FEE0AED02E6E74F5005CE1AB /* PBXContainerItemProxy */;
		};
/* End PBXTargetDependency section */

/* Begin XCBuildConfiguration section */
		FE53610A29CE82CB00618099 /* Debug */ = {
			isa = XCBuildConfiguration;
			buildSettings = {
				ALWAYS_SEARCH_USER_PATHS = NO;
				ASSETCATALOG_COMPILER_GENERATE_SWIFT_ASSET_SYMBOL_EXTENSIONS = YES;
				CLANG_ANALYZER_NONNULL = YES;
				CLANG_ANALYZER_NUMBER_OBJECT_CONVERSION = YES_AGGRESSIVE;
				CLANG_CXX_LANGUAGE_STANDARD = "gnu++20";
				CLANG_ENABLE_MODULES = YES;
				CLANG_ENABLE_OBJC_ARC = YES;
				CLANG_ENABLE_OBJC_WEAK = YES;
				CLANG_WARN_BLOCK_CAPTURE_AUTORELEASING = YES;
				CLANG_WARN_BOOL_CONVERSION = YES;
				CLANG_WARN_COMMA = YES;
				CLANG_WARN_CONSTANT_CONVERSION = YES;
				CLANG_WARN_DEPRECATED_OBJC_IMPLEMENTATIONS = YES;
				CLANG_WARN_DIRECT_OBJC_ISA_USAGE = YES_ERROR;
				CLANG_WARN_DOCUMENTATION_COMMENTS = YES;
				CLANG_WARN_EMPTY_BODY = YES;
				CLANG_WARN_ENUM_CONVERSION = YES;
				CLANG_WARN_INFINITE_RECURSION = YES;
				CLANG_WARN_INT_CONVERSION = YES;
				CLANG_WARN_NON_LITERAL_NULL_CONVERSION = YES;
				CLANG_WARN_OBJC_IMPLICIT_RETAIN_SELF = YES;
				CLANG_WARN_OBJC_LITERAL_CONVERSION = YES;
				CLANG_WARN_OBJC_ROOT_CLASS = YES_ERROR;
				CLANG_WARN_QUOTED_INCLUDE_IN_FRAMEWORK_HEADER = YES;
				CLANG_WARN_RANGE_LOOP_ANALYSIS = YES;
				CLANG_WARN_STRICT_PROTOTYPES = YES;
				CLANG_WARN_SUSPICIOUS_MOVE = YES;
				CLANG_WARN_UNGUARDED_AVAILABILITY = YES_AGGRESSIVE;
				CLANG_WARN_UNREACHABLE_CODE = YES;
				CLANG_WARN__DUPLICATE_METHOD_MATCH = YES;
				COPY_PHASE_STRIP = NO;
				DEAD_CODE_STRIPPING = YES;
				DEBUG_INFORMATION_FORMAT = dwarf;
				DEVELOPMENT_TEAM = "$(inherited)";
				ENABLE_STRICT_OBJC_MSGSEND = YES;
				ENABLE_TESTABILITY = YES;
				ENABLE_USER_SCRIPT_SANDBOXING = YES;
				GCC_C_LANGUAGE_STANDARD = gnu11;
				GCC_DYNAMIC_NO_PIC = NO;
				GCC_NO_COMMON_BLOCKS = YES;
				GCC_OPTIMIZATION_LEVEL = 0;
				GCC_PREPROCESSOR_DEFINITIONS = (
					"DEBUG=1",
					"$(inherited)",
				);
				GCC_WARN_64_TO_32_BIT_CONVERSION = YES;
				GCC_WARN_ABOUT_RETURN_TYPE = YES_ERROR;
				GCC_WARN_UNDECLARED_SELECTOR = YES;
				GCC_WARN_UNINITIALIZED_AUTOS = YES_AGGRESSIVE;
				GCC_WARN_UNUSED_FUNCTION = YES;
				GCC_WARN_UNUSED_VARIABLE = YES;
				MTL_ENABLE_DEBUG_INFO = INCLUDE_SOURCE;
				MTL_FAST_MATH = YES;
				ONLY_ACTIVE_ARCH = YES;
				STRING_CATALOG_GENERATE_SYMBOLS = YES;
				SWIFT_ACTIVE_COMPILATION_CONDITIONS = DEBUG;
				SWIFT_EMIT_LOC_STRINGS = YES;
				SWIFT_OPTIMIZATION_LEVEL = "-Onone";
			};
			name = Debug;
		};
		FE53610B29CE82CB00618099 /* Release */ = {
			isa = XCBuildConfiguration;
			buildSettings = {
				ALWAYS_SEARCH_USER_PATHS = NO;
				ASSETCATALOG_COMPILER_GENERATE_SWIFT_ASSET_SYMBOL_EXTENSIONS = YES;
				CLANG_ANALYZER_NONNULL = YES;
				CLANG_ANALYZER_NUMBER_OBJECT_CONVERSION = YES_AGGRESSIVE;
				CLANG_CXX_LANGUAGE_STANDARD = "gnu++20";
				CLANG_ENABLE_MODULES = YES;
				CLANG_ENABLE_OBJC_ARC = YES;
				CLANG_ENABLE_OBJC_WEAK = YES;
				CLANG_WARN_BLOCK_CAPTURE_AUTORELEASING = YES;
				CLANG_WARN_BOOL_CONVERSION = YES;
				CLANG_WARN_COMMA = YES;
				CLANG_WARN_CONSTANT_CONVERSION = YES;
				CLANG_WARN_DEPRECATED_OBJC_IMPLEMENTATIONS = YES;
				CLANG_WARN_DIRECT_OBJC_ISA_USAGE = YES_ERROR;
				CLANG_WARN_DOCUMENTATION_COMMENTS = YES;
				CLANG_WARN_EMPTY_BODY = YES;
				CLANG_WARN_ENUM_CONVERSION = YES;
				CLANG_WARN_INFINITE_RECURSION = YES;
				CLANG_WARN_INT_CONVERSION = YES;
				CLANG_WARN_NON_LITERAL_NULL_CONVERSION = YES;
				CLANG_WARN_OBJC_IMPLICIT_RETAIN_SELF = YES;
				CLANG_WARN_OBJC_LITERAL_CONVERSION = YES;
				CLANG_WARN_OBJC_ROOT_CLASS = YES_ERROR;
				CLANG_WARN_QUOTED_INCLUDE_IN_FRAMEWORK_HEADER = YES;
				CLANG_WARN_RANGE_LOOP_ANALYSIS = YES;
				CLANG_WARN_STRICT_PROTOTYPES = YES;
				CLANG_WARN_SUSPICIOUS_MOVE = YES;
				CLANG_WARN_UNGUARDED_AVAILABILITY = YES_AGGRESSIVE;
				CLANG_WARN_UNREACHABLE_CODE = YES;
				CLANG_WARN__DUPLICATE_METHOD_MATCH = YES;
				COPY_PHASE_STRIP = NO;
				DEAD_CODE_STRIPPING = YES;
				DEBUG_INFORMATION_FORMAT = "dwarf-with-dsym";
				DEVELOPMENT_TEAM = "$(inherited)";
				ENABLE_NS_ASSERTIONS = NO;
				ENABLE_STRICT_OBJC_MSGSEND = YES;
				ENABLE_USER_SCRIPT_SANDBOXING = YES;
				GCC_C_LANGUAGE_STANDARD = gnu11;
				GCC_NO_COMMON_BLOCKS = YES;
				GCC_WARN_64_TO_32_BIT_CONVERSION = YES;
				GCC_WARN_ABOUT_RETURN_TYPE = YES_ERROR;
				GCC_WARN_UNDECLARED_SELECTOR = YES;
				GCC_WARN_UNINITIALIZED_AUTOS = YES_AGGRESSIVE;
				GCC_WARN_UNUSED_FUNCTION = YES;
				GCC_WARN_UNUSED_VARIABLE = YES;
				MTL_ENABLE_DEBUG_INFO = NO;
				MTL_FAST_MATH = YES;
				STRING_CATALOG_GENERATE_SYMBOLS = YES;
				SWIFT_COMPILATION_MODE = wholemodule;
				SWIFT_EMIT_LOC_STRINGS = YES;
				SWIFT_OPTIMIZATION_LEVEL = "-O";
			};
			name = Release;
		};
		FE53610D29CE82CB00618099 /* Debug */ = {
			isa = XCBuildConfiguration;
			baseConfigurationReference = FE9910DC2AC205A70054D229 /* Config.xcconfig */;
			buildSettings = {
				ASSETCATALOG_COMPILER_APPICON_NAME = SiteApp;
				ASSETCATALOG_COMPILER_GLOBAL_ACCENT_COLOR_NAME = AccentColor;
				CODE_SIGN_ENTITLEMENTS = Sources/App/SiteApp.entitlements;
				CODE_SIGN_STYLE = Automatic;
				CURRENT_PROJECT_VERSION = 20;
				DEAD_CODE_STRIPPING = YES;
				DEVELOPMENT_ASSET_PATHS = "\"Sources/App/Preview Content\"";
				ENABLE_APP_SANDBOX = YES;
				ENABLE_HARDENED_RUNTIME = YES;
				ENABLE_OUTGOING_NETWORK_CONNECTIONS = YES;
				ENABLE_PREVIEWS = YES;
				ENABLE_RESOURCE_ACCESS_LOCATION = YES;
				GENERATE_INFOPLIST_FILE = YES;
				INFOPLIST_FILE = Sources/App/Info.plist;
				INFOPLIST_KEY_LSApplicationCategoryType = "public.app-category.music";
				INFOPLIST_KEY_NSLocationAlwaysAndWhenInUseUsageDescription = "SiteApp uses your location to display nearby Shows and Venues.";
				INFOPLIST_KEY_NSLocationUsageDescription = "SiteApp uses your location to display nearby Shows and Venues.";
				INFOPLIST_KEY_NSLocationWhenInUseUsageDescription = "SiteApp uses your location to display nearby Shows and Venues.";
				"INFOPLIST_KEY_UIApplicationSceneManifest_Generation[sdk=iphoneos*]" = YES;
				"INFOPLIST_KEY_UIApplicationSceneManifest_Generation[sdk=iphonesimulator*]" = YES;
				"INFOPLIST_KEY_UIApplicationSupportsIndirectInputEvents[sdk=iphoneos*]" = YES;
				"INFOPLIST_KEY_UIApplicationSupportsIndirectInputEvents[sdk=iphonesimulator*]" = YES;
				"INFOPLIST_KEY_UILaunchScreen_Generation[sdk=iphoneos*]" = YES;
				"INFOPLIST_KEY_UILaunchScreen_Generation[sdk=iphonesimulator*]" = YES;
				"INFOPLIST_KEY_UIStatusBarStyle[sdk=iphoneos*]" = UIStatusBarStyleDefault;
				"INFOPLIST_KEY_UIStatusBarStyle[sdk=iphonesimulator*]" = UIStatusBarStyleDefault;
				INFOPLIST_KEY_UISupportedInterfaceOrientations_iPad = "UIInterfaceOrientationPortrait UIInterfaceOrientationPortraitUpsideDown UIInterfaceOrientationLandscapeLeft UIInterfaceOrientationLandscapeRight";
				INFOPLIST_KEY_UISupportedInterfaceOrientations_iPhone = "UIInterfaceOrientationPortrait UIInterfaceOrientationLandscapeLeft UIInterfaceOrientationLandscapeRight";
				IPHONEOS_DEPLOYMENT_TARGET = 26.0;
				LD_RUNPATH_SEARCH_PATHS = "@executable_path/Frameworks";
				"LD_RUNPATH_SEARCH_PATHS[sdk=macosx*]" = "@executable_path/../Frameworks";
				MACOSX_DEPLOYMENT_TARGET = 26.0;
				MARKETING_VERSION = 2.0.1;
				PRODUCT_BUNDLE_IDENTIFIER = gdb.SiteApp;
				PRODUCT_NAME = "$(TARGET_NAME)";
				SDKROOT = auto;
				SUPPORTED_PLATFORMS = "appletvos appletvsimulator iphoneos iphonesimulator macosx";
				SUPPORTS_MACCATALYST = NO;
				SWIFT_EMIT_LOC_STRINGS = YES;
				SWIFT_STRICT_CONCURRENCY = complete;
				SWIFT_VERSION = 6.0;
				TARGETED_DEVICE_FAMILY = "1,2,3";
				TVOS_DEPLOYMENT_TARGET = 26.0;
			};
			name = Debug;
		};
		FE53610E29CE82CB00618099 /* Release */ = {
			isa = XCBuildConfiguration;
			baseConfigurationReference = FE9910DC2AC205A70054D229 /* Config.xcconfig */;
			buildSettings = {
				ASSETCATALOG_COMPILER_APPICON_NAME = SiteApp;
				ASSETCATALOG_COMPILER_GLOBAL_ACCENT_COLOR_NAME = AccentColor;
				CODE_SIGN_ENTITLEMENTS = Sources/App/SiteApp.entitlements;
				CODE_SIGN_STYLE = Automatic;
				CURRENT_PROJECT_VERSION = 20;
				DEAD_CODE_STRIPPING = YES;
				DEVELOPMENT_ASSET_PATHS = "\"Sources/App/Preview Content\"";
				ENABLE_APP_SANDBOX = YES;
				ENABLE_HARDENED_RUNTIME = YES;
				ENABLE_OUTGOING_NETWORK_CONNECTIONS = YES;
				ENABLE_PREVIEWS = YES;
				ENABLE_RESOURCE_ACCESS_LOCATION = YES;
				GENERATE_INFOPLIST_FILE = YES;
				INFOPLIST_FILE = Sources/App/Info.plist;
				INFOPLIST_KEY_LSApplicationCategoryType = "public.app-category.music";
				INFOPLIST_KEY_NSLocationAlwaysAndWhenInUseUsageDescription = "SiteApp uses your location to display nearby Shows and Venues.";
				INFOPLIST_KEY_NSLocationUsageDescription = "SiteApp uses your location to display nearby Shows and Venues.";
				INFOPLIST_KEY_NSLocationWhenInUseUsageDescription = "SiteApp uses your location to display nearby Shows and Venues.";
				"INFOPLIST_KEY_UIApplicationSceneManifest_Generation[sdk=iphoneos*]" = YES;
				"INFOPLIST_KEY_UIApplicationSceneManifest_Generation[sdk=iphonesimulator*]" = YES;
				"INFOPLIST_KEY_UIApplicationSupportsIndirectInputEvents[sdk=iphoneos*]" = YES;
				"INFOPLIST_KEY_UIApplicationSupportsIndirectInputEvents[sdk=iphonesimulator*]" = YES;
				"INFOPLIST_KEY_UILaunchScreen_Generation[sdk=iphoneos*]" = YES;
				"INFOPLIST_KEY_UILaunchScreen_Generation[sdk=iphonesimulator*]" = YES;
				"INFOPLIST_KEY_UIStatusBarStyle[sdk=iphoneos*]" = UIStatusBarStyleDefault;
				"INFOPLIST_KEY_UIStatusBarStyle[sdk=iphonesimulator*]" = UIStatusBarStyleDefault;
				INFOPLIST_KEY_UISupportedInterfaceOrientations_iPad = "UIInterfaceOrientationPortrait UIInterfaceOrientationPortraitUpsideDown UIInterfaceOrientationLandscapeLeft UIInterfaceOrientationLandscapeRight";
				INFOPLIST_KEY_UISupportedInterfaceOrientations_iPhone = "UIInterfaceOrientationPortrait UIInterfaceOrientationLandscapeLeft UIInterfaceOrientationLandscapeRight";
				IPHONEOS_DEPLOYMENT_TARGET = 26.0;
				LD_RUNPATH_SEARCH_PATHS = "@executable_path/Frameworks";
				"LD_RUNPATH_SEARCH_PATHS[sdk=macosx*]" = "@executable_path/../Frameworks";
				MACOSX_DEPLOYMENT_TARGET = 26.0;
				MARKETING_VERSION = 2.0.1;
				PRODUCT_BUNDLE_IDENTIFIER = gdb.SiteApp;
				PRODUCT_NAME = "$(TARGET_NAME)";
				SDKROOT = auto;
				SUPPORTED_PLATFORMS = "appletvos appletvsimulator iphoneos iphonesimulator macosx";
				SUPPORTS_MACCATALYST = NO;
				SWIFT_EMIT_LOC_STRINGS = YES;
				SWIFT_STRICT_CONCURRENCY = complete;
				SWIFT_VERSION = 6.0;
				TARGETED_DEVICE_FAMILY = "1,2,3";
				TVOS_DEPLOYMENT_TARGET = 26.0;
			};
			name = Release;
		};
		FEB486542E6E6D740043057D /* Debug */ = {
			isa = XCBuildConfiguration;
			buildSettings = {
				CODE_SIGN_STYLE = Automatic;
				DEVELOPMENT_TEAM = "$(inherited)";
				ENABLE_HARDENED_RUNTIME = YES;
				GCC_C_LANGUAGE_STANDARD = gnu17;
				LOCALIZATION_PREFERS_STRING_CATALOGS = YES;
				MACOSX_DEPLOYMENT_TARGET = 26.0;
				PRODUCT_NAME = "$(TARGET_NAME)";
				SDKROOT = macosx;
				SWIFT_ACTIVE_COMPILATION_CONDITIONS = "DEBUG $(inherited)";
				SWIFT_VERSION = 5.0;
			};
			name = Debug;
		};
		FEB486552E6E6D740043057D /* Release */ = {
			isa = XCBuildConfiguration;
			buildSettings = {
				CODE_SIGN_STYLE = Automatic;
				DEVELOPMENT_TEAM = "$(inherited)";
				ENABLE_HARDENED_RUNTIME = YES;
				GCC_C_LANGUAGE_STANDARD = gnu17;
				LOCALIZATION_PREFERS_STRING_CATALOGS = YES;
				MACOSX_DEPLOYMENT_TARGET = 26.0;
				PRODUCT_NAME = "$(TARGET_NAME)";
				SDKROOT = macosx;
				SWIFT_VERSION = 5.0;
			};
			name = Release;
		};
		FED9EFEC2F13127E00E7A555 /* Debug */ = {
			isa = XCBuildConfiguration;
			buildSettings = {
				CODE_SIGN_STYLE = Automatic;
				DEVELOPMENT_TEAM = D3F44CA7F4;
				PRODUCT_NAME = "$(TARGET_NAME)";
			};
			name = Debug;
		};
		FED9EFED2F13127E00E7A555 /* Release */ = {
			isa = XCBuildConfiguration;
			buildSettings = {
				CODE_SIGN_STYLE = Automatic;
				DEVELOPMENT_TEAM = D3F44CA7F4;
				PRODUCT_NAME = "$(TARGET_NAME)";
			};
			name = Release;
		};
		FEE0AED32E6E74F5005CE1AB /* Debug */ = {
			isa = XCBuildConfiguration;
			baseConfigurationReference = FE9910DC2AC205A70054D229 /* Config.xcconfig */;
			buildSettings = {
				BUNDLE_LOADER = "$(TEST_HOST)";
				CODE_SIGN_STYLE = Automatic;
				CURRENT_PROJECT_VERSION = 1;
				DEVELOPMENT_TEAM = "$(inherited)";
				GCC_C_LANGUAGE_STANDARD = gnu17;
				GENERATE_INFOPLIST_FILE = YES;
				IPHONEOS_DEPLOYMENT_TARGET = 26.0;
				LOCALIZATION_PREFERS_STRING_CATALOGS = YES;
				MACOSX_DEPLOYMENT_TARGET = 26.0;
				MARKETING_VERSION = 1.0;
				PRODUCT_BUNDLE_IDENTIFIER = gdb.Tests;
				PRODUCT_NAME = "$(TARGET_NAME)";
				SDKROOT = auto;
				SUPPORTED_PLATFORMS = "iphoneos iphonesimulator macosx";
				SUPPORTS_MACCATALYST = NO;
				SWIFT_ACTIVE_COMPILATION_CONDITIONS = "DEBUG $(inherited)";
				SWIFT_EMIT_LOC_STRINGS = NO;
				SWIFT_VERSION = 5.0;
				TARGETED_DEVICE_FAMILY = "1,2";
				TEST_HOST = "$(BUILT_PRODUCTS_DIR)/SiteApp.app/$(BUNDLE_EXECUTABLE_FOLDER_PATH)/SiteApp";
				XROS_DEPLOYMENT_TARGET = 2.5;
			};
			name = Debug;
		};
		FEE0AED42E6E74F5005CE1AB /* Release */ = {
			isa = XCBuildConfiguration;
			baseConfigurationReference = FE9910DC2AC205A70054D229 /* Config.xcconfig */;
			buildSettings = {
				BUNDLE_LOADER = "$(TEST_HOST)";
				CODE_SIGN_STYLE = Automatic;
				CURRENT_PROJECT_VERSION = 1;
				DEVELOPMENT_TEAM = "$(inherited)";
				GCC_C_LANGUAGE_STANDARD = gnu17;
				GENERATE_INFOPLIST_FILE = YES;
				IPHONEOS_DEPLOYMENT_TARGET = 26.0;
				LOCALIZATION_PREFERS_STRING_CATALOGS = YES;
				MACOSX_DEPLOYMENT_TARGET = 26.0;
				MARKETING_VERSION = 1.0;
				PRODUCT_BUNDLE_IDENTIFIER = gdb.Tests;
				PRODUCT_NAME = "$(TARGET_NAME)";
				SDKROOT = auto;
				SUPPORTED_PLATFORMS = "iphoneos iphonesimulator macosx";
				SUPPORTS_MACCATALYST = NO;
				SWIFT_EMIT_LOC_STRINGS = NO;
				SWIFT_VERSION = 5.0;
				TARGETED_DEVICE_FAMILY = "1,2";
				TEST_HOST = "$(BUILT_PRODUCTS_DIR)/SiteApp.app/$(BUNDLE_EXECUTABLE_FOLDER_PATH)/SiteApp";
				XROS_DEPLOYMENT_TARGET = 2.5;
			};
			name = Release;
		};
/* End XCBuildConfiguration section */

/* Begin XCConfigurationList section */
		FE5360F829CE82CA00618099 /* Build configuration list for PBXProject "SiteApp" */ = {
			isa = XCConfigurationList;
			buildConfigurations = (
				FE53610A29CE82CB00618099 /* Debug */,
				FE53610B29CE82CB00618099 /* Release */,
			);
			defaultConfigurationIsVisible = 0;
			defaultConfigurationName = Release;
		};
		FE53610C29CE82CB00618099 /* Build configuration list for PBXNativeTarget "SiteApp" */ = {
			isa = XCConfigurationList;
			buildConfigurations = (
				FE53610D29CE82CB00618099 /* Debug */,
				FE53610E29CE82CB00618099 /* Release */,
			);
			defaultConfigurationIsVisible = 0;
			defaultConfigurationName = Release;
		};
		FEB486562E6E6D740043057D /* Build configuration list for PBXNativeTarget "site_tool" */ = {
			isa = XCConfigurationList;
			buildConfigurations = (
				FEB486542E6E6D740043057D /* Debug */,
				FEB486552E6E6D740043057D /* Release */,
			);
			defaultConfigurationIsVisible = 0;
			defaultConfigurationName = Release;
		};
		FED9EFEE2F13127E00E7A555 /* Build configuration list for PBXAggregateTarget "All" */ = {
			isa = XCConfigurationList;
			buildConfigurations = (
				FED9EFEC2F13127E00E7A555 /* Debug */,
				FED9EFED2F13127E00E7A555 /* Release */,
			);
			defaultConfigurationIsVisible = 0;
			defaultConfigurationName = Release;
		};
		FEE0AED22E6E74F5005CE1AB /* Build configuration list for PBXNativeTarget "Tests" */ = {
			isa = XCConfigurationList;
			buildConfigurations = (
				FEE0AED32E6E74F5005CE1AB /* Debug */,
				FEE0AED42E6E74F5005CE1AB /* Release */,
			);
			defaultConfigurationIsVisible = 0;
			defaultConfigurationName = Release;
		};
/* End XCConfigurationList section */

/* Begin XCRemoteSwiftPackageReference section */
		FEB4895C2E6E6E8F0043057D /* XCRemoteSwiftPackageReference "swift-argument-parser" */ = {
			isa = XCRemoteSwiftPackageReference;
			repositoryURL = "https://github.com/apple/swift-argument-parser.git";
			requirement = {
				kind = exactVersion;
				version = 1.6.1;
			};
		};
		FEB722BC2E776336006A4DA2 /* XCRemoteSwiftPackageReference "swift-algorithms" */ = {
			isa = XCRemoteSwiftPackageReference;
			repositoryURL = "https://github.com/apple/swift-algorithms.git";
			requirement = {
				kind = exactVersion;
				version = 1.2.1;
			};
		};
/* End XCRemoteSwiftPackageReference section */

/* Begin XCSwiftPackageProductDependency section */
		FEB4895D2E6E6E8F0043057D /* ArgumentParser */ = {
			isa = XCSwiftPackageProductDependency;
			package = FEB4895C2E6E6E8F0043057D /* XCRemoteSwiftPackageReference "swift-argument-parser" */;
			productName = ArgumentParser;
		};
		FEB722BD2E776336006A4DA2 /* Algorithms */ = {
			isa = XCSwiftPackageProductDependency;
			package = FEB722BC2E776336006A4DA2 /* XCRemoteSwiftPackageReference "swift-algorithms" */;
			productName = Algorithms;
		};
		FEE44E742E8B4DE20080998E /* Algorithms */ = {
			isa = XCSwiftPackageProductDependency;
			package = FEB722BC2E776336006A4DA2 /* XCRemoteSwiftPackageReference "swift-algorithms" */;
			productName = Algorithms;
		};
/* End XCSwiftPackageProductDependency section */
	};
	rootObject = FE5360F529CE82CA00618099 /* Project object */;
}
