// !$*UTF8*$!
{
	archiveVersion = 1;
	classes = {
	};
	objectVersion = 70;
	objects = {

/* Begin PBXBuildFile section */
		FEB4895E2E6E6E8F0043057D /* ArgumentParser in Frameworks */ = {isa = PBXBuildFile; productRef = FEB4895D2E6E6E8F0043057D /* ArgumentParser */; };
		FEB489B52E6E6FC10043057D /* ArgumentParser in Frameworks */ = {isa = PBXBuildFile; productRef = FEB489B42E6E6FC10043057D /* ArgumentParser */; };
		FEB48A082E6E70E20043057D /* ArgumentParser in Frameworks */ = {isa = PBXBuildFile; productRef = FEB48A072E6E70E20043057D /* ArgumentParser */; };
/* End PBXBuildFile section */

/* Begin PBXCopyFilesBuildPhase section */
		FEB4864E2E6E6D740043057D /* CopyFiles */ = {
			isa = PBXCopyFilesBuildPhase;
			buildActionMask = 2147483647;
			dstPath = /usr/share/man/man1/;
			dstSubfolderSpec = 0;
			files = (
			);
			runOnlyForDeploymentPostprocessing = 1;
		};
		FEB489A82E6E6F960043057D /* CopyFiles */ = {
			isa = PBXCopyFilesBuildPhase;
			buildActionMask = 2147483647;
			dstPath = /usr/share/man/man1/;
			dstSubfolderSpec = 0;
			files = (
			);
			runOnlyForDeploymentPostprocessing = 1;
		};
		FEB489B82E6E70800043057D /* CopyFiles */ = {
			isa = PBXCopyFilesBuildPhase;
			buildActionMask = 2147483647;
			dstPath = /usr/share/man/man1/;
			dstSubfolderSpec = 0;
			files = (
			);
			runOnlyForDeploymentPostprocessing = 1;
		};
/* End PBXCopyFilesBuildPhase section */

/* Begin PBXFileReference section */
		FE5360FD29CE82CA00618099 /* SiteApp.app */ = {isa = PBXFileReference; explicitFileType = wrapper.application; includeInIndex = 0; path = SiteApp.app; sourceTree = BUILT_PRODUCTS_DIR; };
		FE9910DC2AC205A70054D229 /* Config.xcconfig */ = {isa = PBXFileReference; lastKnownFileType = text.xcconfig; path = Config.xcconfig; sourceTree = "<group>"; };
		FEB486502E6E6D740043057D /* site_tool */ = {isa = PBXFileReference; explicitFileType = "compiled.mach-o.executable"; includeInIndex = 0; path = site_tool; sourceTree = BUILT_PRODUCTS_DIR; };
		FEB489AA2E6E6F960043057D /* site_associated_domains */ = {isa = PBXFileReference; explicitFileType = "compiled.mach-o.executable"; includeInIndex = 0; path = site_associated_domains; sourceTree = BUILT_PRODUCTS_DIR; };
		FEB489BA2E6E70800043057D /* next_id */ = {isa = PBXFileReference; explicitFileType = "compiled.mach-o.executable"; includeInIndex = 0; path = next_id; sourceTree = BUILT_PRODUCTS_DIR; };
/* End PBXFileReference section */

/* Begin PBXFileSystemSynchronizedBuildFileExceptionSet section */
		FEB4833A2E6E476D0043057D /* PBXFileSystemSynchronizedBuildFileExceptionSet */ = {
			isa = PBXFileSystemSynchronizedBuildFileExceptionSet;
			membershipExceptions = (
				App/Info.plist,
				DiaryData/Diary.swift,
				"DiaryData/Diary+URL.swift",
				DiaryData/Entry.swift,
				next_id/Program.swift,
				site_associated_domains/Program.swift,
				site_tool/Program.swift,
			);
			target = FE5360FC29CE82CA00618099 /* SiteApp */;
		};
		FEB486582E6E6DBC0043057D /* PBXFileSystemSynchronizedBuildFileExceptionSet */ = {
			isa = PBXFileSystemSynchronizedBuildFileExceptionSet;
			membershipExceptions = (
				DiaryData/Diary.swift,
				"DiaryData/Diary+URL.swift",
				DiaryData/Entry.swift,
				MusicData/Album.swift,
				MusicData/Annum.swift,
				"MusicData/Annum+FormatStyle.swift",
				"MusicData/Annum+ParseableFormatStyle.swift",
				MusicData/AnnumDigest.swift,
				MusicData/ArchiveCategory.swift,
				"MusicData/ArchiveCategory+FormatStyle.swift",
				"MusicData/ArchiveCategory+ParseableFormatStyle.swift",
				"MusicData/ArchiveCategory+URL.swift",
				MusicData/ArchivePath.swift,
				"MusicData/ArchivePath+ArchiveCategory.swift",
				"MusicData/ArchivePath+Codable.swift",
				"MusicData/ArchivePath+FormatStyle.swift",
				"MusicData/ArchivePath+ParseableFormatStyle.swift",
				"MusicData/ArchivePath+PathRestorable.swift",
				"MusicData/ArchivePath+URL.swift",
				MusicData/Artist.swift,
				"MusicData/Artist+Digest.swift",
				"MusicData/Artist+LibraryComparable.swift",
				MusicData/ArtistDigest.swift,
				"MusicData/ArtistDigest+LibraryComparable.swift",
				MusicData/Concert.swift,
				"MusicData/Concert+FormatStyle.swift",
				MusicData/Decade.FormatStyle.swift,
				MusicData/Decade.swift,
				MusicData/FirstSet.swift,
				"MusicData/LibraryComparator+Concert.swift",
				"MusicData/LibraryComparator+Music.swift",
				"MusicData/LibrarySectioner+Music.swift",
				MusicData/Location.swift,
				"MusicData/Location+Comparable.swift",
				"MusicData/Location+FormatStyle.swift",
				MusicData/Lookup.swift,
				MusicData/Music.swift,
				"MusicData/Music+Ranking.swift",
				"MusicData/Music+ShowsOnly.swift",
				"MusicData/Music+URL.swift",
				MusicData/PartialDate.swift,
				"MusicData/PartialDate+Date.swift",
				"MusicData/PartialDate+FormatStyle.swift",
				"MusicData/PartialDate+Span.swift",
				MusicData/PathRestorable.swift,
				MusicData/Rank.swift,
				MusicData/Ranking.swift,
				MusicData/Relation.swift,
				MusicData/Show.swift,
				"MusicData/Show+Concert.swift",
				MusicData/Song.swift,
				MusicData/Vault.swift,
				"MusicData/Vault+AnnumDigest.swift",
				"MusicData/Vault+NextID.swift",
				"MusicData/Vault+URL.swift",
				MusicData/Venue.swift,
				"MusicData/Venue+Digest.swift",
				"MusicData/Venue+FormatStyle.swift",
				"MusicData/Venue+LibraryComparable.swift",
				MusicData/VenueDigest.swift,
				"MusicData/VenueDigest+LibraryComparable.swift",
				site_tool/Program.swift,
				Utilities/CompareOptional.swift,
				"Utilities/Data+JSON.swift",
				Utilities/LibraryComparable.swift,
				Utilities/LibraryComparator.swift,
				Utilities/LibrarySection.swift,
				Utilities/LibrarySectioner.swift,
				"Utilities/Logger+Category.swift",
				"Utilities/String+LibrarySection.swift",
				"Utilities/String+LibrarySorting.swift",
				"Utilities/URL+JSON.swift",
			);
			target = FEB4864F2E6E6D740043057D /* site_tool */;
		};
		FEB489B22E6E6FAE0043057D /* PBXFileSystemSynchronizedBuildFileExceptionSet */ = {
			isa = PBXFileSystemSynchronizedBuildFileExceptionSet;
			membershipExceptions = (
				site_associated_domains/Program.swift,
			);
			target = FEB489A92E6E6F960043057D /* site_associated_domains */;
		};
		FEB489C22E6E70920043057D /* PBXFileSystemSynchronizedBuildFileExceptionSet */ = {
			isa = PBXFileSystemSynchronizedBuildFileExceptionSet;
			membershipExceptions = (
				MusicData/Album.swift,
				MusicData/Annum.swift,
				"MusicData/Annum+FormatStyle.swift",
				"MusicData/Annum+ParseableFormatStyle.swift",
				MusicData/AnnumDigest.swift,
				MusicData/ArchiveCategory.swift,
				"MusicData/ArchiveCategory+FormatStyle.swift",
				"MusicData/ArchiveCategory+ParseableFormatStyle.swift",
				"MusicData/ArchiveCategory+URL.swift",
				MusicData/ArchivePath.swift,
				"MusicData/ArchivePath+ArchiveCategory.swift",
				"MusicData/ArchivePath+Codable.swift",
				"MusicData/ArchivePath+FormatStyle.swift",
				"MusicData/ArchivePath+ParseableFormatStyle.swift",
				"MusicData/ArchivePath+PathRestorable.swift",
				"MusicData/ArchivePath+URL.swift",
				MusicData/Artist.swift,
				"MusicData/Artist+Digest.swift",
				"MusicData/Artist+LibraryComparable.swift",
				MusicData/ArtistDigest.swift,
				"MusicData/ArtistDigest+LibraryComparable.swift",
				MusicData/Concert.swift,
				"MusicData/Concert+FormatStyle.swift",
				MusicData/Decade.FormatStyle.swift,
				MusicData/Decade.swift,
				MusicData/FirstSet.swift,
				"MusicData/LibraryComparator+Concert.swift",
				"MusicData/LibraryComparator+Music.swift",
				"MusicData/LibrarySectioner+Music.swift",
				MusicData/Location.swift,
				"MusicData/Location+Comparable.swift",
				"MusicData/Location+FormatStyle.swift",
				MusicData/Lookup.swift,
				MusicData/Music.swift,
				"MusicData/Music+Ranking.swift",
				"MusicData/Music+ShowsOnly.swift",
				"MusicData/Music+URL.swift",
				MusicData/PartialDate.swift,
				"MusicData/PartialDate+Date.swift",
				"MusicData/PartialDate+FormatStyle.swift",
				"MusicData/PartialDate+Span.swift",
				MusicData/PathRestorable.swift,
				MusicData/Rank.swift,
				MusicData/Ranking.swift,
				MusicData/Relation.swift,
				MusicData/Show.swift,
				"MusicData/Show+Concert.swift",
				MusicData/Song.swift,
				MusicData/Vault.swift,
				"MusicData/Vault+AnnumDigest.swift",
				"MusicData/Vault+NextID.swift",
				"MusicData/Vault+URL.swift",
				MusicData/Venue.swift,
				"MusicData/Venue+Digest.swift",
				"MusicData/Venue+FormatStyle.swift",
				"MusicData/Venue+LibraryComparable.swift",
				MusicData/VenueDigest.swift,
				"MusicData/VenueDigest+LibraryComparable.swift",
				next_id/Program.swift,
				Utilities/CompareOptional.swift,
				"Utilities/Data+JSON.swift",
				Utilities/LibraryComparable.swift,
				Utilities/LibraryComparator.swift,
				Utilities/LibrarySection.swift,
				Utilities/LibrarySectioner.swift,
				"Utilities/Logger+Category.swift",
				"Utilities/String+LibrarySection.swift",
				"Utilities/String+LibrarySorting.swift",
				"Utilities/URL+JSON.swift",
			);
			target = FEB489B92E6E70800043057D /* next_id */;
		};
/* End PBXFileSystemSynchronizedBuildFileExceptionSet section */

/* Begin PBXFileSystemSynchronizedRootGroup section */
		FEB4827E2E6E471D0043057D /* Sources */ = {isa = PBXFileSystemSynchronizedRootGroup; exceptions = (FEB4833A2E6E476D0043057D /* PBXFileSystemSynchronizedBuildFileExceptionSet */, FEB486582E6E6DBC0043057D /* PBXFileSystemSynchronizedBuildFileExceptionSet */, FEB489B22E6E6FAE0043057D /* PBXFileSystemSynchronizedBuildFileExceptionSet */, FEB489C22E6E70920043057D /* PBXFileSystemSynchronizedBuildFileExceptionSet */, ); explicitFileTypes = {}; explicitFolders = (); path = Sources; sourceTree = "<group>"; };
/* End PBXFileSystemSynchronizedRootGroup section */

/* Begin PBXFrameworksBuildPhase section */
		FE5360FA29CE82CA00618099 /* Frameworks */ = {
			isa = PBXFrameworksBuildPhase;
			buildActionMask = 2147483647;
			files = (
			);
			runOnlyForDeploymentPostprocessing = 0;
		};
		FEB4864D2E6E6D740043057D /* Frameworks */ = {
			isa = PBXFrameworksBuildPhase;
			buildActionMask = 2147483647;
			files = (
				FEB4895E2E6E6E8F0043057D /* ArgumentParser in Frameworks */,
			);
			runOnlyForDeploymentPostprocessing = 0;
		};
		FEB489A72E6E6F960043057D /* Frameworks */ = {
			isa = PBXFrameworksBuildPhase;
			buildActionMask = 2147483647;
			files = (
				FEB489B52E6E6FC10043057D /* ArgumentParser in Frameworks */,
			);
			runOnlyForDeploymentPostprocessing = 0;
		};
		FEB489B72E6E70800043057D /* Frameworks */ = {
			isa = PBXFrameworksBuildPhase;
			buildActionMask = 2147483647;
			files = (
				FEB48A082E6E70E20043057D /* ArgumentParser in Frameworks */,
			);
			runOnlyForDeploymentPostprocessing = 0;
		};
/* End PBXFrameworksBuildPhase section */

/* Begin PBXGroup section */
		FE5360F429CE82CA00618099 = {
			isa = PBXGroup;
			children = (
				FE9910DC2AC205A70054D229 /* Config.xcconfig */,
				FEB4827E2E6E471D0043057D /* Sources */,
				FEB489B32E6E6FC10043057D /* Frameworks */,
				FE5360FE29CE82CA00618099 /* Products */,
			);
			sourceTree = "<group>";
		};
		FE5360FE29CE82CA00618099 /* Products */ = {
			isa = PBXGroup;
			children = (
				FE5360FD29CE82CA00618099 /* SiteApp.app */,
				FEB486502E6E6D740043057D /* site_tool */,
				FEB489AA2E6E6F960043057D /* site_associated_domains */,
				FEB489BA2E6E70800043057D /* next_id */,
			);
			name = Products;
			sourceTree = "<group>";
		};
		FEB489B32E6E6FC10043057D /* Frameworks */ = {
			isa = PBXGroup;
			children = (
			);
			name = Frameworks;
			sourceTree = "<group>";
		};
/* End PBXGroup section */

/* Begin PBXNativeTarget section */
		FE5360FC29CE82CA00618099 /* SiteApp */ = {
			isa = PBXNativeTarget;
			buildConfigurationList = FE53610C29CE82CB00618099 /* Build configuration list for PBXNativeTarget "SiteApp" */;
			buildPhases = (
				FE5360F929CE82CA00618099 /* Sources */,
				FE5360FA29CE82CA00618099 /* Frameworks */,
				FE5360FB29CE82CA00618099 /* Resources */,
			);
			buildRules = (
			);
			dependencies = (
			);
			fileSystemSynchronizedGroups = (
				FEB4827E2E6E471D0043057D /* Sources */,
			);
			name = SiteApp;
			packageProductDependencies = (
			);
			productName = SiteApp;
			productReference = FE5360FD29CE82CA00618099 /* SiteApp.app */;
			productType = "com.apple.product-type.application";
		};
		FEB4864F2E6E6D740043057D /* site_tool */ = {
			isa = PBXNativeTarget;
			buildConfigurationList = FEB486562E6E6D740043057D /* Build configuration list for PBXNativeTarget "site_tool" */;
			buildPhases = (
				FEB4864C2E6E6D740043057D /* Sources */,
				FEB4864D2E6E6D740043057D /* Frameworks */,
				FEB4864E2E6E6D740043057D /* CopyFiles */,
			);
			buildRules = (
			);
			dependencies = (
			);
			name = site_tool;
			packageProductDependencies = (
				FEB4895D2E6E6E8F0043057D /* ArgumentParser */,
			);
			productName = site_tool;
			productReference = FEB486502E6E6D740043057D /* site_tool */;
			productType = "com.apple.product-type.tool";
		};
		FEB489A92E6E6F960043057D /* site_associated_domains */ = {
			isa = PBXNativeTarget;
			buildConfigurationList = FEB489AE2E6E6F960043057D /* Build configuration list for PBXNativeTarget "site_associated_domains" */;
			buildPhases = (
				FEB489A62E6E6F960043057D /* Sources */,
				FEB489A72E6E6F960043057D /* Frameworks */,
				FEB489A82E6E6F960043057D /* CopyFiles */,
			);
			buildRules = (
			);
			dependencies = (
			);
			name = site_associated_domains;
			packageProductDependencies = (
				FEB489B42E6E6FC10043057D /* ArgumentParser */,
			);
			productName = site_associated_domains;
			productReference = FEB489AA2E6E6F960043057D /* site_associated_domains */;
			productType = "com.apple.product-type.tool";
		};
		FEB489B92E6E70800043057D /* next_id */ = {
			isa = PBXNativeTarget;
			buildConfigurationList = FEB489BE2E6E70800043057D /* Build configuration list for PBXNativeTarget "next_id" */;
			buildPhases = (
				FEB489B62E6E70800043057D /* Sources */,
				FEB489B72E6E70800043057D /* Frameworks */,
				FEB489B82E6E70800043057D /* CopyFiles */,
			);
			buildRules = (
			);
			dependencies = (
			);
			name = next_id;
			packageProductDependencies = (
				FEB48A072E6E70E20043057D /* ArgumentParser */,
			);
			productName = next_id;
			productReference = FEB489BA2E6E70800043057D /* next_id */;
			productType = "com.apple.product-type.tool";
		};
/* End PBXNativeTarget section */

/* Begin PBXProject section */
		FE5360F529CE82CA00618099 /* Project object */ = {
			isa = PBXProject;
			attributes = {
				BuildIndependentTargetsInParallel = 1;
				LastSwiftUpdateCheck = 1640;
				LastUpgradeCheck = 1640;
				TargetAttributes = {
					FE5360FC29CE82CA00618099 = {
						CreatedOnToolsVersion = 14.2;
					};
					FEB4864F2E6E6D740043057D = {
						CreatedOnToolsVersion = 16.4;
					};
					FEB489A92E6E6F960043057D = {
						CreatedOnToolsVersion = 16.4;
					};
					FEB489B92E6E70800043057D = {
						CreatedOnToolsVersion = 16.4;
					};
				};
			};
			buildConfigurationList = FE5360F829CE82CA00618099 /* Build configuration list for PBXProject "SiteApp" */;
			compatibilityVersion = "Xcode 14.0";
			developmentRegion = en;
			hasScannedForEncodings = 0;
			knownRegions = (
				en,
				Base,
			);
			mainGroup = FE5360F429CE82CA00618099;
			packageReferences = (
				FEB4895C2E6E6E8F0043057D /* XCRemoteSwiftPackageReference "swift-argument-parser" */,
			);
			productRefGroup = FE5360FE29CE82CA00618099 /* Products */;
			projectDirPath = "";
			projectRoot = "";
			targets = (
				FE5360FC29CE82CA00618099 /* SiteApp */,
				FEB4864F2E6E6D740043057D /* site_tool */,
				FEB489A92E6E6F960043057D /* site_associated_domains */,
				FEB489B92E6E70800043057D /* next_id */,
			);
		};
/* End PBXProject section */

/* Begin PBXResourcesBuildPhase section */
		FE5360FB29CE82CA00618099 /* Resources */ = {
			isa = PBXResourcesBuildPhase;
			buildActionMask = 2147483647;
			files = (
			);
			runOnlyForDeploymentPostprocessing = 0;
		};
/* End PBXResourcesBuildPhase section */

/* Begin PBXSourcesBuildPhase section */
		FE5360F929CE82CA00618099 /* Sources */ = {
			isa = PBXSourcesBuildPhase;
			buildActionMask = 2147483647;
			files = (
			);
			runOnlyForDeploymentPostprocessing = 0;
		};
		FEB4864C2E6E6D740043057D /* Sources */ = {
			isa = PBXSourcesBuildPhase;
			buildActionMask = 2147483647;
			files = (
			);
			runOnlyForDeploymentPostprocessing = 0;
		};
		FEB489A62E6E6F960043057D /* Sources */ = {
			isa = PBXSourcesBuildPhase;
			buildActionMask = 2147483647;
			files = (
			);
			runOnlyForDeploymentPostprocessing = 0;
		};
		FEB489B62E6E70800043057D /* Sources */ = {
			isa = PBXSourcesBuildPhase;
			buildActionMask = 2147483647;
			files = (
			);
			runOnlyForDeploymentPostprocessing = 0;
		};
/* End PBXSourcesBuildPhase section */

/* Begin XCBuildConfiguration section */
		FE53610A29CE82CB00618099 /* Debug */ = {
			isa = XCBuildConfiguration;
			buildSettings = {
				ALWAYS_SEARCH_USER_PATHS = NO;
				ASSETCATALOG_COMPILER_GENERATE_SWIFT_ASSET_SYMBOL_EXTENSIONS = YES;
				CLANG_ANALYZER_NONNULL = YES;
				CLANG_ANALYZER_NUMBER_OBJECT_CONVERSION = YES_AGGRESSIVE;
				CLANG_CXX_LANGUAGE_STANDARD = "gnu++20";
				CLANG_ENABLE_MODULES = YES;
				CLANG_ENABLE_OBJC_ARC = YES;
				CLANG_ENABLE_OBJC_WEAK = YES;
				CLANG_WARN_BLOCK_CAPTURE_AUTORELEASING = YES;
				CLANG_WARN_BOOL_CONVERSION = YES;
				CLANG_WARN_COMMA = YES;
				CLANG_WARN_CONSTANT_CONVERSION = YES;
				CLANG_WARN_DEPRECATED_OBJC_IMPLEMENTATIONS = YES;
				CLANG_WARN_DIRECT_OBJC_ISA_USAGE = YES_ERROR;
				CLANG_WARN_DOCUMENTATION_COMMENTS = YES;
				CLANG_WARN_EMPTY_BODY = YES;
				CLANG_WARN_ENUM_CONVERSION = YES;
				CLANG_WARN_INFINITE_RECURSION = YES;
				CLANG_WARN_INT_CONVERSION = YES;
				CLANG_WARN_NON_LITERAL_NULL_CONVERSION = YES;
				CLANG_WARN_OBJC_IMPLICIT_RETAIN_SELF = YES;
				CLANG_WARN_OBJC_LITERAL_CONVERSION = YES;
				CLANG_WARN_OBJC_ROOT_CLASS = YES_ERROR;
				CLANG_WARN_QUOTED_INCLUDE_IN_FRAMEWORK_HEADER = YES;
				CLANG_WARN_RANGE_LOOP_ANALYSIS = YES;
				CLANG_WARN_STRICT_PROTOTYPES = YES;
				CLANG_WARN_SUSPICIOUS_MOVE = YES;
				CLANG_WARN_UNGUARDED_AVAILABILITY = YES_AGGRESSIVE;
				CLANG_WARN_UNREACHABLE_CODE = YES;
				CLANG_WARN__DUPLICATE_METHOD_MATCH = YES;
				COPY_PHASE_STRIP = NO;
				DEAD_CODE_STRIPPING = YES;
				DEBUG_INFORMATION_FORMAT = dwarf;
				DEVELOPMENT_TEAM = "$(inherited)";
				ENABLE_STRICT_OBJC_MSGSEND = YES;
				ENABLE_TESTABILITY = YES;
				ENABLE_USER_SCRIPT_SANDBOXING = YES;
				GCC_C_LANGUAGE_STANDARD = gnu11;
				GCC_DYNAMIC_NO_PIC = NO;
				GCC_NO_COMMON_BLOCKS = YES;
				GCC_OPTIMIZATION_LEVEL = 0;
				GCC_PREPROCESSOR_DEFINITIONS = (
					"DEBUG=1",
					"$(inherited)",
				);
				GCC_WARN_64_TO_32_BIT_CONVERSION = YES;
				GCC_WARN_ABOUT_RETURN_TYPE = YES_ERROR;
				GCC_WARN_UNDECLARED_SELECTOR = YES;
				GCC_WARN_UNINITIALIZED_AUTOS = YES_AGGRESSIVE;
				GCC_WARN_UNUSED_FUNCTION = YES;
				GCC_WARN_UNUSED_VARIABLE = YES;
				MTL_ENABLE_DEBUG_INFO = INCLUDE_SOURCE;
				MTL_FAST_MATH = YES;
				ONLY_ACTIVE_ARCH = YES;
				SWIFT_ACTIVE_COMPILATION_CONDITIONS = DEBUG;
				SWIFT_EMIT_LOC_STRINGS = YES;
				SWIFT_OPTIMIZATION_LEVEL = "-Onone";
			};
			name = Debug;
		};
		FE53610B29CE82CB00618099 /* Release */ = {
			isa = XCBuildConfiguration;
			buildSettings = {
				ALWAYS_SEARCH_USER_PATHS = NO;
				ASSETCATALOG_COMPILER_GENERATE_SWIFT_ASSET_SYMBOL_EXTENSIONS = YES;
				CLANG_ANALYZER_NONNULL = YES;
				CLANG_ANALYZER_NUMBER_OBJECT_CONVERSION = YES_AGGRESSIVE;
				CLANG_CXX_LANGUAGE_STANDARD = "gnu++20";
				CLANG_ENABLE_MODULES = YES;
				CLANG_ENABLE_OBJC_ARC = YES;
				CLANG_ENABLE_OBJC_WEAK = YES;
				CLANG_WARN_BLOCK_CAPTURE_AUTORELEASING = YES;
				CLANG_WARN_BOOL_CONVERSION = YES;
				CLANG_WARN_COMMA = YES;
				CLANG_WARN_CONSTANT_CONVERSION = YES;
				CLANG_WARN_DEPRECATED_OBJC_IMPLEMENTATIONS = YES;
				CLANG_WARN_DIRECT_OBJC_ISA_USAGE = YES_ERROR;
				CLANG_WARN_DOCUMENTATION_COMMENTS = YES;
				CLANG_WARN_EMPTY_BODY = YES;
				CLANG_WARN_ENUM_CONVERSION = YES;
				CLANG_WARN_INFINITE_RECURSION = YES;
				CLANG_WARN_INT_CONVERSION = YES;
				CLANG_WARN_NON_LITERAL_NULL_CONVERSION = YES;
				CLANG_WARN_OBJC_IMPLICIT_RETAIN_SELF = YES;
				CLANG_WARN_OBJC_LITERAL_CONVERSION = YES;
				CLANG_WARN_OBJC_ROOT_CLASS = YES_ERROR;
				CLANG_WARN_QUOTED_INCLUDE_IN_FRAMEWORK_HEADER = YES;
				CLANG_WARN_RANGE_LOOP_ANALYSIS = YES;
				CLANG_WARN_STRICT_PROTOTYPES = YES;
				CLANG_WARN_SUSPICIOUS_MOVE = YES;
				CLANG_WARN_UNGUARDED_AVAILABILITY = YES_AGGRESSIVE;
				CLANG_WARN_UNREACHABLE_CODE = YES;
				CLANG_WARN__DUPLICATE_METHOD_MATCH = YES;
				COPY_PHASE_STRIP = NO;
				DEAD_CODE_STRIPPING = YES;
				DEBUG_INFORMATION_FORMAT = "dwarf-with-dsym";
				DEVELOPMENT_TEAM = "$(inherited)";
				ENABLE_NS_ASSERTIONS = NO;
				ENABLE_STRICT_OBJC_MSGSEND = YES;
				ENABLE_USER_SCRIPT_SANDBOXING = YES;
				GCC_C_LANGUAGE_STANDARD = gnu11;
				GCC_NO_COMMON_BLOCKS = YES;
				GCC_WARN_64_TO_32_BIT_CONVERSION = YES;
				GCC_WARN_ABOUT_RETURN_TYPE = YES_ERROR;
				GCC_WARN_UNDECLARED_SELECTOR = YES;
				GCC_WARN_UNINITIALIZED_AUTOS = YES_AGGRESSIVE;
				GCC_WARN_UNUSED_FUNCTION = YES;
				GCC_WARN_UNUSED_VARIABLE = YES;
				MTL_ENABLE_DEBUG_INFO = NO;
				MTL_FAST_MATH = YES;
				SWIFT_COMPILATION_MODE = wholemodule;
				SWIFT_EMIT_LOC_STRINGS = YES;
				SWIFT_OPTIMIZATION_LEVEL = "-O";
			};
			name = Release;
		};
		FE53610D29CE82CB00618099 /* Debug */ = {
			isa = XCBuildConfiguration;
			baseConfigurationReference = FE9910DC2AC205A70054D229 /* Config.xcconfig */;
			buildSettings = {
				ASSETCATALOG_COMPILER_APPICON_NAME = AppIcon;
				ASSETCATALOG_COMPILER_GLOBAL_ACCENT_COLOR_NAME = AccentColor;
				CODE_SIGN_ENTITLEMENTS = Sources/App/SiteApp.entitlements;
				CODE_SIGN_STYLE = Automatic;
				CURRENT_PROJECT_VERSION = 17;
				DEAD_CODE_STRIPPING = YES;
				DEVELOPMENT_ASSET_PATHS = "\"Sources/App/Preview Content\"";
				ENABLE_HARDENED_RUNTIME = YES;
				ENABLE_PREVIEWS = YES;
				GENERATE_INFOPLIST_FILE = YES;
				INFOPLIST_FILE = Sources/App/Info.plist;
				INFOPLIST_KEY_LSApplicationCategoryType = "public.app-category.music";
				INFOPLIST_KEY_NSLocationAlwaysAndWhenInUseUsageDescription = "SiteApp uses your location to display nearby Shows and Venues.";
				INFOPLIST_KEY_NSLocationUsageDescription = "SiteApp uses your location to display nearby Shows and Venues.";
				INFOPLIST_KEY_NSLocationWhenInUseUsageDescription = "SiteApp uses your location to display nearby Shows and Venues.";
				"INFOPLIST_KEY_UIApplicationSceneManifest_Generation[sdk=iphoneos*]" = YES;
				"INFOPLIST_KEY_UIApplicationSceneManifest_Generation[sdk=iphonesimulator*]" = YES;
				"INFOPLIST_KEY_UIApplicationSupportsIndirectInputEvents[sdk=iphoneos*]" = YES;
				"INFOPLIST_KEY_UIApplicationSupportsIndirectInputEvents[sdk=iphonesimulator*]" = YES;
				"INFOPLIST_KEY_UILaunchScreen_Generation[sdk=iphoneos*]" = YES;
				"INFOPLIST_KEY_UILaunchScreen_Generation[sdk=iphonesimulator*]" = YES;
				"INFOPLIST_KEY_UIStatusBarStyle[sdk=iphoneos*]" = UIStatusBarStyleDefault;
				"INFOPLIST_KEY_UIStatusBarStyle[sdk=iphonesimulator*]" = UIStatusBarStyleDefault;
				INFOPLIST_KEY_UISupportedInterfaceOrientations_iPad = "UIInterfaceOrientationPortrait UIInterfaceOrientationPortraitUpsideDown UIInterfaceOrientationLandscapeLeft UIInterfaceOrientationLandscapeRight";
				INFOPLIST_KEY_UISupportedInterfaceOrientations_iPhone = "UIInterfaceOrientationPortrait UIInterfaceOrientationLandscapeLeft UIInterfaceOrientationLandscapeRight";
				IPHONEOS_DEPLOYMENT_TARGET = 18.5;
				LD_RUNPATH_SEARCH_PATHS = "@executable_path/Frameworks";
				"LD_RUNPATH_SEARCH_PATHS[sdk=macosx*]" = "@executable_path/../Frameworks";
				MACOSX_DEPLOYMENT_TARGET = 15.5;
				MARKETING_VERSION = 2.0.0;
				PRODUCT_BUNDLE_IDENTIFIER = gdb.SiteApp;
				PRODUCT_NAME = "$(TARGET_NAME)";
				SDKROOT = auto;
				SUPPORTED_PLATFORMS = "appletvos appletvsimulator iphoneos iphonesimulator macosx";
				SUPPORTS_MACCATALYST = NO;
				SWIFT_EMIT_LOC_STRINGS = YES;
				SWIFT_STRICT_CONCURRENCY = complete;
				SWIFT_VERSION = 6.0;
				TARGETED_DEVICE_FAMILY = "1,2,3";
				TVOS_DEPLOYMENT_TARGET = 18.5;
			};
			name = Debug;
		};
		FE53610E29CE82CB00618099 /* Release */ = {
			isa = XCBuildConfiguration;
			baseConfigurationReference = FE9910DC2AC205A70054D229 /* Config.xcconfig */;
			buildSettings = {
				ASSETCATALOG_COMPILER_APPICON_NAME = AppIcon;
				ASSETCATALOG_COMPILER_GLOBAL_ACCENT_COLOR_NAME = AccentColor;
				CODE_SIGN_ENTITLEMENTS = Sources/App/SiteApp.entitlements;
				CODE_SIGN_STYLE = Automatic;
				CURRENT_PROJECT_VERSION = 17;
				DEAD_CODE_STRIPPING = YES;
				DEVELOPMENT_ASSET_PATHS = "\"Sources/App/Preview Content\"";
				ENABLE_HARDENED_RUNTIME = YES;
				ENABLE_PREVIEWS = YES;
				GENERATE_INFOPLIST_FILE = YES;
				INFOPLIST_FILE = Sources/App/Info.plist;
				INFOPLIST_KEY_LSApplicationCategoryType = "public.app-category.music";
				INFOPLIST_KEY_NSLocationAlwaysAndWhenInUseUsageDescription = "SiteApp uses your location to display nearby Shows and Venues.";
				INFOPLIST_KEY_NSLocationUsageDescription = "SiteApp uses your location to display nearby Shows and Venues.";
				INFOPLIST_KEY_NSLocationWhenInUseUsageDescription = "SiteApp uses your location to display nearby Shows and Venues.";
				"INFOPLIST_KEY_UIApplicationSceneManifest_Generation[sdk=iphoneos*]" = YES;
				"INFOPLIST_KEY_UIApplicationSceneManifest_Generation[sdk=iphonesimulator*]" = YES;
				"INFOPLIST_KEY_UIApplicationSupportsIndirectInputEvents[sdk=iphoneos*]" = YES;
				"INFOPLIST_KEY_UIApplicationSupportsIndirectInputEvents[sdk=iphonesimulator*]" = YES;
				"INFOPLIST_KEY_UILaunchScreen_Generation[sdk=iphoneos*]" = YES;
				"INFOPLIST_KEY_UILaunchScreen_Generation[sdk=iphonesimulator*]" = YES;
				"INFOPLIST_KEY_UIStatusBarStyle[sdk=iphoneos*]" = UIStatusBarStyleDefault;
				"INFOPLIST_KEY_UIStatusBarStyle[sdk=iphonesimulator*]" = UIStatusBarStyleDefault;
				INFOPLIST_KEY_UISupportedInterfaceOrientations_iPad = "UIInterfaceOrientationPortrait UIInterfaceOrientationPortraitUpsideDown UIInterfaceOrientationLandscapeLeft UIInterfaceOrientationLandscapeRight";
				INFOPLIST_KEY_UISupportedInterfaceOrientations_iPhone = "UIInterfaceOrientationPortrait UIInterfaceOrientationLandscapeLeft UIInterfaceOrientationLandscapeRight";
				IPHONEOS_DEPLOYMENT_TARGET = 18.5;
				LD_RUNPATH_SEARCH_PATHS = "@executable_path/Frameworks";
				"LD_RUNPATH_SEARCH_PATHS[sdk=macosx*]" = "@executable_path/../Frameworks";
				MACOSX_DEPLOYMENT_TARGET = 15.5;
				MARKETING_VERSION = 2.0.0;
				PRODUCT_BUNDLE_IDENTIFIER = gdb.SiteApp;
				PRODUCT_NAME = "$(TARGET_NAME)";
				SDKROOT = auto;
				SUPPORTED_PLATFORMS = "appletvos appletvsimulator iphoneos iphonesimulator macosx";
				SUPPORTS_MACCATALYST = NO;
				SWIFT_EMIT_LOC_STRINGS = YES;
				SWIFT_STRICT_CONCURRENCY = complete;
				SWIFT_VERSION = 6.0;
				TARGETED_DEVICE_FAMILY = "1,2,3";
				TVOS_DEPLOYMENT_TARGET = 18.5;
			};
			name = Release;
		};
		FEB486542E6E6D740043057D /* Debug */ = {
			isa = XCBuildConfiguration;
			buildSettings = {
				CODE_SIGN_STYLE = Automatic;
				DEVELOPMENT_TEAM = D3F44CA7F4;
				ENABLE_HARDENED_RUNTIME = YES;
				GCC_C_LANGUAGE_STANDARD = gnu17;
				LOCALIZATION_PREFERS_STRING_CATALOGS = YES;
				MACOSX_DEPLOYMENT_TARGET = 15.5;
				PRODUCT_NAME = "$(TARGET_NAME)";
				SDKROOT = macosx;
				SWIFT_ACTIVE_COMPILATION_CONDITIONS = "DEBUG $(inherited)";
				SWIFT_VERSION = 5.0;
			};
			name = Debug;
		};
		FEB486552E6E6D740043057D /* Release */ = {
			isa = XCBuildConfiguration;
			buildSettings = {
				CODE_SIGN_STYLE = Automatic;
				DEVELOPMENT_TEAM = D3F44CA7F4;
				ENABLE_HARDENED_RUNTIME = YES;
				GCC_C_LANGUAGE_STANDARD = gnu17;
				LOCALIZATION_PREFERS_STRING_CATALOGS = YES;
				MACOSX_DEPLOYMENT_TARGET = 15.5;
				PRODUCT_NAME = "$(TARGET_NAME)";
				SDKROOT = macosx;
				SWIFT_VERSION = 5.0;
			};
			name = Release;
		};
		FEB489AF2E6E6F960043057D /* Debug */ = {
			isa = XCBuildConfiguration;
			buildSettings = {
				CODE_SIGN_STYLE = Automatic;
				DEVELOPMENT_TEAM = D3F44CA7F4;
				ENABLE_HARDENED_RUNTIME = YES;
				GCC_C_LANGUAGE_STANDARD = gnu17;
				LOCALIZATION_PREFERS_STRING_CATALOGS = YES;
				MACOSX_DEPLOYMENT_TARGET = 15.5;
				PRODUCT_NAME = "$(TARGET_NAME)";
				SDKROOT = macosx;
				SWIFT_ACTIVE_COMPILATION_CONDITIONS = "DEBUG $(inherited)";
				SWIFT_VERSION = 5.0;
			};
			name = Debug;
		};
		FEB489B02E6E6F960043057D /* Release */ = {
			isa = XCBuildConfiguration;
			buildSettings = {
				CODE_SIGN_STYLE = Automatic;
				DEVELOPMENT_TEAM = D3F44CA7F4;
				ENABLE_HARDENED_RUNTIME = YES;
				GCC_C_LANGUAGE_STANDARD = gnu17;
				LOCALIZATION_PREFERS_STRING_CATALOGS = YES;
				MACOSX_DEPLOYMENT_TARGET = 15.5;
				PRODUCT_NAME = "$(TARGET_NAME)";
				SDKROOT = macosx;
				SWIFT_VERSION = 5.0;
			};
			name = Release;
		};
		FEB489BF2E6E70800043057D /* Debug */ = {
			isa = XCBuildConfiguration;
			buildSettings = {
				CODE_SIGN_STYLE = Automatic;
				DEVELOPMENT_TEAM = D3F44CA7F4;
				ENABLE_HARDENED_RUNTIME = YES;
				GCC_C_LANGUAGE_STANDARD = gnu17;
				LOCALIZATION_PREFERS_STRING_CATALOGS = YES;
				MACOSX_DEPLOYMENT_TARGET = 15.5;
				PRODUCT_NAME = "$(TARGET_NAME)";
				SDKROOT = macosx;
				SWIFT_ACTIVE_COMPILATION_CONDITIONS = "DEBUG $(inherited)";
				SWIFT_VERSION = 5.0;
			};
			name = Debug;
		};
		FEB489C02E6E70800043057D /* Release */ = {
			isa = XCBuildConfiguration;
			buildSettings = {
				CODE_SIGN_STYLE = Automatic;
				DEVELOPMENT_TEAM = D3F44CA7F4;
				ENABLE_HARDENED_RUNTIME = YES;
				GCC_C_LANGUAGE_STANDARD = gnu17;
				LOCALIZATION_PREFERS_STRING_CATALOGS = YES;
				MACOSX_DEPLOYMENT_TARGET = 15.5;
				PRODUCT_NAME = "$(TARGET_NAME)";
				SDKROOT = macosx;
				SWIFT_VERSION = 5.0;
			};
			name = Release;
		};
/* End XCBuildConfiguration section */

/* Begin XCConfigurationList section */
		FE5360F829CE82CA00618099 /* Build configuration list for PBXProject "SiteApp" */ = {
			isa = XCConfigurationList;
			buildConfigurations = (
				FE53610A29CE82CB00618099 /* Debug */,
				FE53610B29CE82CB00618099 /* Release */,
			);
			defaultConfigurationIsVisible = 0;
			defaultConfigurationName = Release;
		};
		FE53610C29CE82CB00618099 /* Build configuration list for PBXNativeTarget "SiteApp" */ = {
			isa = XCConfigurationList;
			buildConfigurations = (
				FE53610D29CE82CB00618099 /* Debug */,
				FE53610E29CE82CB00618099 /* Release */,
			);
			defaultConfigurationIsVisible = 0;
			defaultConfigurationName = Release;
		};
		FEB486562E6E6D740043057D /* Build configuration list for PBXNativeTarget "site_tool" */ = {
			isa = XCConfigurationList;
			buildConfigurations = (
				FEB486542E6E6D740043057D /* Debug */,
				FEB486552E6E6D740043057D /* Release */,
			);
			defaultConfigurationIsVisible = 0;
			defaultConfigurationName = Release;
		};
		FEB489AE2E6E6F960043057D /* Build configuration list for PBXNativeTarget "site_associated_domains" */ = {
			isa = XCConfigurationList;
			buildConfigurations = (
				FEB489AF2E6E6F960043057D /* Debug */,
				FEB489B02E6E6F960043057D /* Release */,
			);
			defaultConfigurationIsVisible = 0;
			defaultConfigurationName = Release;
		};
		FEB489BE2E6E70800043057D /* Build configuration list for PBXNativeTarget "next_id" */ = {
			isa = XCConfigurationList;
			buildConfigurations = (
				FEB489BF2E6E70800043057D /* Debug */,
				FEB489C02E6E70800043057D /* Release */,
			);
			defaultConfigurationIsVisible = 0;
			defaultConfigurationName = Release;
		};
/* End XCConfigurationList section */

/* Begin XCRemoteSwiftPackageReference section */
		FEB4895C2E6E6E8F0043057D /* XCRemoteSwiftPackageReference "swift-argument-parser" */ = {
			isa = XCRemoteSwiftPackageReference;
			repositoryURL = "https://github.com/apple/swift-argument-parser.git";
			requirement = {
				kind = exactVersion;
				version = 1.6.1;
			};
		};
/* End XCRemoteSwiftPackageReference section */

/* Begin XCSwiftPackageProductDependency section */
		FEB4895D2E6E6E8F0043057D /* ArgumentParser */ = {
			isa = XCSwiftPackageProductDependency;
			package = FEB4895C2E6E6E8F0043057D /* XCRemoteSwiftPackageReference "swift-argument-parser" */;
			productName = ArgumentParser;
		};
		FEB489B42E6E6FC10043057D /* ArgumentParser */ = {
			isa = XCSwiftPackageProductDependency;
			package = FEB4895C2E6E6E8F0043057D /* XCRemoteSwiftPackageReference "swift-argument-parser" */;
			productName = ArgumentParser;
		};
		FEB48A072E6E70E20043057D /* ArgumentParser */ = {
			isa = XCSwiftPackageProductDependency;
			package = FEB4895C2E6E6E8F0043057D /* XCRemoteSwiftPackageReference "swift-argument-parser" */;
			productName = ArgumentParser;
		};
/* End XCSwiftPackageProductDependency section */
	};
	rootObject = FE5360F529CE82CA00618099 /* Project object */;
}
