// !$*UTF8*$!
{
	archiveVersion = 1;
	classes = {
	};
	objectVersion = 50;
	objects = {

/* Begin PBXBuildFile section */
		FE513783257DE1680070DB08 /* main.swift in Sources */ = {isa = PBXBuildFile; fileRef = FE513782257DE1680070DB08 /* main.swift */; };
		FE51378B257DE18C0070DB08 /* Diary.swift in Sources */ = {isa = PBXBuildFile; fileRef = FE51378A257DE18C0070DB08 /* Diary.swift */; };
		FE51378E257DE26E0070DB08 /* Entry.swift in Sources */ = {isa = PBXBuildFile; fileRef = FE51378D257DE26E0070DB08 /* Entry.swift */; };
		FECA079B258C64BF00A95DBF /* Music.swift in Sources */ = {isa = PBXBuildFile; fileRef = FECA079A258C64BF00A95DBF /* Music.swift */; };
		FECA079F258C662E00A95DBF /* Album.swift in Sources */ = {isa = PBXBuildFile; fileRef = FECA079E258C662E00A95DBF /* Album.swift */; };
		FECA07A2258C67C400A95DBF /* Artist.swift in Sources */ = {isa = PBXBuildFile; fileRef = FECA07A1258C67C400A95DBF /* Artist.swift */; };
		FECA07A5258C688000A95DBF /* Relation.swift in Sources */ = {isa = PBXBuildFile; fileRef = FECA07A4258C688000A95DBF /* Relation.swift */; };
		FECA07A8258C68F800A95DBF /* Show.swift in Sources */ = {isa = PBXBuildFile; fileRef = FECA07A7258C68F800A95DBF /* Show.swift */; };
		FECA07AB258C699500A95DBF /* Song.swift in Sources */ = {isa = PBXBuildFile; fileRef = FECA07AA258C699500A95DBF /* Song.swift */; };
		FECA07AE258C6A6A00A95DBF /* Venue.swift in Sources */ = {isa = PBXBuildFile; fileRef = FECA07AD258C6A6A00A95DBF /* Venue.swift */; };
		FECA07B1258D5B5E00A95DBF /* PartialDate.swift in Sources */ = {isa = PBXBuildFile; fileRef = FECA07B0258D5B5E00A95DBF /* PartialDate.swift */; };
		FECA07B4258D5C2200A95DBF /* Location.swift in Sources */ = {isa = PBXBuildFile; fileRef = FECA07B3258D5C2200A95DBF /* Location.swift */; };
/* End PBXBuildFile section */

/* Begin PBXCopyFilesBuildPhase section */
		FE51377D257DE1680070DB08 /* CopyFiles */ = {
			isa = PBXCopyFilesBuildPhase;
			buildActionMask = 2147483647;
			dstPath = /usr/share/man/man1/;
			dstSubfolderSpec = 0;
			files = (
			);
			runOnlyForDeploymentPostprocessing = 1;
		};
/* End PBXCopyFilesBuildPhase section */

/* Begin PBXFileReference section */
		FE51377F257DE1680070DB08 /* site_tool */ = {isa = PBXFileReference; explicitFileType = "compiled.mach-o.executable"; includeInIndex = 0; path = site_tool; sourceTree = BUILT_PRODUCTS_DIR; };
		FE513782257DE1680070DB08 /* main.swift */ = {isa = PBXFileReference; lastKnownFileType = sourcecode.swift; path = main.swift; sourceTree = "<group>"; };
		FE51378A257DE18C0070DB08 /* Diary.swift */ = {isa = PBXFileReference; lastKnownFileType = sourcecode.swift; path = Diary.swift; sourceTree = "<group>"; };
		FE51378D257DE26E0070DB08 /* Entry.swift */ = {isa = PBXFileReference; lastKnownFileType = sourcecode.swift; path = Entry.swift; sourceTree = "<group>"; };
		FECA079A258C64BF00A95DBF /* Music.swift */ = {isa = PBXFileReference; lastKnownFileType = sourcecode.swift; path = Music.swift; sourceTree = "<group>"; };
		FECA079E258C662E00A95DBF /* Album.swift */ = {isa = PBXFileReference; lastKnownFileType = sourcecode.swift; path = Album.swift; sourceTree = "<group>"; };
		FECA07A1258C67C400A95DBF /* Artist.swift */ = {isa = PBXFileReference; lastKnownFileType = sourcecode.swift; path = Artist.swift; sourceTree = "<group>"; };
		FECA07A4258C688000A95DBF /* Relation.swift */ = {isa = PBXFileReference; lastKnownFileType = sourcecode.swift; path = Relation.swift; sourceTree = "<group>"; };
		FECA07A7258C68F800A95DBF /* Show.swift */ = {isa = PBXFileReference; lastKnownFileType = sourcecode.swift; path = Show.swift; sourceTree = "<group>"; };
		FECA07AA258C699500A95DBF /* Song.swift */ = {isa = PBXFileReference; lastKnownFileType = sourcecode.swift; path = Song.swift; sourceTree = "<group>"; };
		FECA07AD258C6A6A00A95DBF /* Venue.swift */ = {isa = PBXFileReference; lastKnownFileType = sourcecode.swift; path = Venue.swift; sourceTree = "<group>"; };
		FECA07B0258D5B5E00A95DBF /* PartialDate.swift */ = {isa = PBXFileReference; lastKnownFileType = sourcecode.swift; path = PartialDate.swift; sourceTree = "<group>"; };
		FECA07B3258D5C2200A95DBF /* Location.swift */ = {isa = PBXFileReference; lastKnownFileType = sourcecode.swift; path = Location.swift; sourceTree = "<group>"; };
/* End PBXFileReference section */

/* Begin PBXFrameworksBuildPhase section */
		FE51377C257DE1680070DB08 /* Frameworks */ = {
			isa = PBXFrameworksBuildPhase;
			buildActionMask = 2147483647;
			files = (
			);
			runOnlyForDeploymentPostprocessing = 0;
		};
/* End PBXFrameworksBuildPhase section */

/* Begin PBXGroup section */
		FE513776257DE1680070DB08 = {
			isa = PBXGroup;
			children = (
				FE513781257DE1680070DB08 /* site */,
				FE513780257DE1680070DB08 /* Products */,
			);
			sourceTree = "<group>";
		};
		FE513780257DE1680070DB08 /* Products */ = {
			isa = PBXGroup;
			children = (
				FE51377F257DE1680070DB08 /* site_tool */,
			);
			name = Products;
			sourceTree = "<group>";
		};
		FE513781257DE1680070DB08 /* site */ = {
			isa = PBXGroup;
			children = (
				FE513782257DE1680070DB08 /* main.swift */,
				FE51378A257DE18C0070DB08 /* Diary.swift */,
				FE51378D257DE26E0070DB08 /* Entry.swift */,
				FECA079A258C64BF00A95DBF /* Music.swift */,
				FECA079E258C662E00A95DBF /* Album.swift */,
				FECA07A1258C67C400A95DBF /* Artist.swift */,
				FECA07A4258C688000A95DBF /* Relation.swift */,
				FECA07A7258C68F800A95DBF /* Show.swift */,
				FECA07AA258C699500A95DBF /* Song.swift */,
				FECA07AD258C6A6A00A95DBF /* Venue.swift */,
				FECA07B0258D5B5E00A95DBF /* PartialDate.swift */,
				FECA07B3258D5C2200A95DBF /* Location.swift */,
			);
			path = site;
			sourceTree = "<group>";
		};
/* End PBXGroup section */

/* Begin PBXNativeTarget section */
		FE51377E257DE1680070DB08 /* site_tool */ = {
			isa = PBXNativeTarget;
			buildConfigurationList = FE513786257DE1680070DB08 /* Build configuration list for PBXNativeTarget "site_tool" */;
			buildPhases = (
				FE51377B257DE1680070DB08 /* Sources */,
				FE51377C257DE1680070DB08 /* Frameworks */,
				FE51377D257DE1680070DB08 /* CopyFiles */,
			);
			buildRules = (
			);
			dependencies = (
			);
			name = site_tool;
			productName = site;
			productReference = FE51377F257DE1680070DB08 /* site_tool */;
			productType = "com.apple.product-type.tool";
		};
/* End PBXNativeTarget section */

/* Begin PBXProject section */
		FE513777257DE1680070DB08 /* Project object */ = {
			isa = PBXProject;
			attributes = {
				LastSwiftUpdateCheck = 1220;
				LastUpgradeCheck = 1220;
				TargetAttributes = {
					FE51377E257DE1680070DB08 = {
						CreatedOnToolsVersion = 12.2;
					};
				};
			};
			buildConfigurationList = FE51377A257DE1680070DB08 /* Build configuration list for PBXProject "site" */;
			compatibilityVersion = "Xcode 9.3";
			developmentRegion = en;
			hasScannedForEncodings = 0;
			knownRegions = (
				en,
				Base,
			);
			mainGroup = FE513776257DE1680070DB08;
			productRefGroup = FE513780257DE1680070DB08 /* Products */;
			projectDirPath = "";
			projectRoot = "";
			targets = (
				FE51377E257DE1680070DB08 /* site_tool */,
			);
		};
/* End PBXProject section */

/* Begin PBXSourcesBuildPhase section */
		FE51377B257DE1680070DB08 /* Sources */ = {
			isa = PBXSourcesBuildPhase;
			buildActionMask = 2147483647;
			files = (
				FECA07AB258C699500A95DBF /* Song.swift in Sources */,
				FECA07AE258C6A6A00A95DBF /* Venue.swift in Sources */,
				FECA07A2258C67C400A95DBF /* Artist.swift in Sources */,
				FE51378E257DE26E0070DB08 /* Entry.swift in Sources */,
				FE513783257DE1680070DB08 /* main.swift in Sources */,
				FECA07B1258D5B5E00A95DBF /* PartialDate.swift in Sources */,
				FECA07A5258C688000A95DBF /* Relation.swift in Sources */,
				FE51378B257DE18C0070DB08 /* Diary.swift in Sources */,
				FECA079B258C64BF00A95DBF /* Music.swift in Sources */,
				FECA07A8258C68F800A95DBF /* Show.swift in Sources */,
				FECA07B4258D5C2200A95DBF /* Location.swift in Sources */,
				FECA079F258C662E00A95DBF /* Album.swift in Sources */,
			);
			runOnlyForDeploymentPostprocessing = 0;
		};
/* End PBXSourcesBuildPhase section */

/* Begin XCBuildConfiguration section */
		FE513784257DE1680070DB08 /* Debug */ = {
			isa = XCBuildConfiguration;
			buildSettings = {
				ALWAYS_SEARCH_USER_PATHS = NO;
				CLANG_ANALYZER_NONNULL = YES;
				CLANG_ANALYZER_NUMBER_OBJECT_CONVERSION = YES_AGGRESSIVE;
				CLANG_CXX_LANGUAGE_STANDARD = "gnu++14";
				CLANG_CXX_LIBRARY = "libc++";
				CLANG_ENABLE_MODULES = YES;
				CLANG_ENABLE_OBJC_ARC = YES;
				CLANG_ENABLE_OBJC_WEAK = YES;
				CLANG_WARN_BLOCK_CAPTURE_AUTORELEASING = YES;
				CLANG_WARN_BOOL_CONVERSION = YES;
				CLANG_WARN_COMMA = YES;
				CLANG_WARN_CONSTANT_CONVERSION = YES;
				CLANG_WARN_DEPRECATED_OBJC_IMPLEMENTATIONS = YES;
				CLANG_WARN_DIRECT_OBJC_ISA_USAGE = YES_ERROR;
				CLANG_WARN_DOCUMENTATION_COMMENTS = YES;
				CLANG_WARN_EMPTY_BODY = YES;
				CLANG_WARN_ENUM_CONVERSION = YES;
				CLANG_WARN_INFINITE_RECURSION = YES;
				CLANG_WARN_INT_CONVERSION = YES;
				CLANG_WARN_NON_LITERAL_NULL_CONVERSION = YES;
				CLANG_WARN_OBJC_IMPLICIT_RETAIN_SELF = YES;
				CLANG_WARN_OBJC_LITERAL_CONVERSION = YES;
				CLANG_WARN_OBJC_ROOT_CLASS = YES_ERROR;
				CLANG_WARN_QUOTED_INCLUDE_IN_FRAMEWORK_HEADER = YES;
				CLANG_WARN_RANGE_LOOP_ANALYSIS = YES;
				CLANG_WARN_STRICT_PROTOTYPES = YES;
				CLANG_WARN_SUSPICIOUS_MOVE = YES;
				CLANG_WARN_UNGUARDED_AVAILABILITY = YES_AGGRESSIVE;
				CLANG_WARN_UNREACHABLE_CODE = YES;
				CLANG_WARN__DUPLICATE_METHOD_MATCH = YES;
				COPY_PHASE_STRIP = NO;
				DEBUG_INFORMATION_FORMAT = dwarf;
				ENABLE_STRICT_OBJC_MSGSEND = YES;
				ENABLE_TESTABILITY = YES;
				GCC_C_LANGUAGE_STANDARD = gnu11;
				GCC_DYNAMIC_NO_PIC = NO;
				GCC_NO_COMMON_BLOCKS = YES;
				GCC_OPTIMIZATION_LEVEL = 0;
				GCC_PREPROCESSOR_DEFINITIONS = (
					"DEBUG=1",
					"$(inherited)",
				);
				GCC_WARN_64_TO_32_BIT_CONVERSION = YES;
				GCC_WARN_ABOUT_RETURN_TYPE = YES_ERROR;
				GCC_WARN_UNDECLARED_SELECTOR = YES;
				GCC_WARN_UNINITIALIZED_AUTOS = YES_AGGRESSIVE;
				GCC_WARN_UNUSED_FUNCTION = YES;
				GCC_WARN_UNUSED_VARIABLE = YES;
				MACOSX_DEPLOYMENT_TARGET = 10.15;
				MTL_ENABLE_DEBUG_INFO = INCLUDE_SOURCE;
				MTL_FAST_MATH = YES;
				ONLY_ACTIVE_ARCH = YES;
				SDKROOT = macosx;
				SWIFT_ACTIVE_COMPILATION_CONDITIONS = DEBUG;
				SWIFT_OPTIMIZATION_LEVEL = "-Onone";
			};
			name = Debug;
		};
		FE513785257DE1680070DB08 /* Release */ = {
			isa = XCBuildConfiguration;
			buildSettings = {
				ALWAYS_SEARCH_USER_PATHS = NO;
				CLANG_ANALYZER_NONNULL = YES;
				CLANG_ANALYZER_NUMBER_OBJECT_CONVERSION = YES_AGGRESSIVE;
				CLANG_CXX_LANGUAGE_STANDARD = "gnu++14";
				CLANG_CXX_LIBRARY = "libc++";
				CLANG_ENABLE_MODULES = YES;
				CLANG_ENABLE_OBJC_ARC = YES;
				CLANG_ENABLE_OBJC_WEAK = YES;
				CLANG_WARN_BLOCK_CAPTURE_AUTORELEASING = YES;
				CLANG_WARN_BOOL_CONVERSION = YES;
				CLANG_WARN_COMMA = YES;
				CLANG_WARN_CONSTANT_CONVERSION = YES;
				CLANG_WARN_DEPRECATED_OBJC_IMPLEMENTATIONS = YES;
				CLANG_WARN_DIRECT_OBJC_ISA_USAGE = YES_ERROR;
				CLANG_WARN_DOCUMENTATION_COMMENTS = YES;
				CLANG_WARN_EMPTY_BODY = YES;
				CLANG_WARN_ENUM_CONVERSION = YES;
				CLANG_WARN_INFINITE_RECURSION = YES;
				CLANG_WARN_INT_CONVERSION = YES;
				CLANG_WARN_NON_LITERAL_NULL_CONVERSION = YES;
				CLANG_WARN_OBJC_IMPLICIT_RETAIN_SELF = YES;
				CLANG_WARN_OBJC_LITERAL_CONVERSION = YES;
				CLANG_WARN_OBJC_ROOT_CLASS = YES_ERROR;
				CLANG_WARN_QUOTED_INCLUDE_IN_FRAMEWORK_HEADER = YES;
				CLANG_WARN_RANGE_LOOP_ANALYSIS = YES;
				CLANG_WARN_STRICT_PROTOTYPES = YES;
				CLANG_WARN_SUSPICIOUS_MOVE = YES;
				CLANG_WARN_UNGUARDED_AVAILABILITY = YES_AGGRESSIVE;
				CLANG_WARN_UNREACHABLE_CODE = YES;
				CLANG_WARN__DUPLICATE_METHOD_MATCH = YES;
				COPY_PHASE_STRIP = NO;
				DEBUG_INFORMATION_FORMAT = "dwarf-with-dsym";
				ENABLE_NS_ASSERTIONS = NO;
				ENABLE_STRICT_OBJC_MSGSEND = YES;
				GCC_C_LANGUAGE_STANDARD = gnu11;
				GCC_NO_COMMON_BLOCKS = YES;
				GCC_WARN_64_TO_32_BIT_CONVERSION = YES;
				GCC_WARN_ABOUT_RETURN_TYPE = YES_ERROR;
				GCC_WARN_UNDECLARED_SELECTOR = YES;
				GCC_WARN_UNINITIALIZED_AUTOS = YES_AGGRESSIVE;
				GCC_WARN_UNUSED_FUNCTION = YES;
				GCC_WARN_UNUSED_VARIABLE = YES;
				MACOSX_DEPLOYMENT_TARGET = 10.15;
				MTL_ENABLE_DEBUG_INFO = NO;
				MTL_FAST_MATH = YES;
				SDKROOT = macosx;
				SWIFT_COMPILATION_MODE = wholemodule;
				SWIFT_OPTIMIZATION_LEVEL = "-O";
			};
			name = Release;
		};
		FE513787257DE1680070DB08 /* Debug */ = {
			isa = XCBuildConfiguration;
			buildSettings = {
				CODE_SIGN_STYLE = Automatic;
				DEVELOPMENT_TEAM = D3F44CA7F4;
				ENABLE_HARDENED_RUNTIME = YES;
				PRODUCT_NAME = "$(TARGET_NAME)";
				SWIFT_VERSION = 5.0;
			};
			name = Debug;
		};
		FE513788257DE1680070DB08 /* Release */ = {
			isa = XCBuildConfiguration;
			buildSettings = {
				CODE_SIGN_STYLE = Automatic;
				DEVELOPMENT_TEAM = D3F44CA7F4;
				ENABLE_HARDENED_RUNTIME = YES;
				PRODUCT_NAME = "$(TARGET_NAME)";
				SWIFT_VERSION = 5.0;
			};
			name = Release;
		};
/* End XCBuildConfiguration section */

/* Begin XCConfigurationList section */
		FE51377A257DE1680070DB08 /* Build configuration list for PBXProject "site" */ = {
			isa = XCConfigurationList;
			buildConfigurations = (
				FE513784257DE1680070DB08 /* Debug */,
				FE513785257DE1680070DB08 /* Release */,
			);
			defaultConfigurationIsVisible = 0;
			defaultConfigurationName = Release;
		};
		FE513786257DE1680070DB08 /* Build configuration list for PBXNativeTarget "site_tool" */ = {
			isa = XCConfigurationList;
			buildConfigurations = (
				FE513787257DE1680070DB08 /* Debug */,
				FE513788257DE1680070DB08 /* Release */,
			);
			defaultConfigurationIsVisible = 0;
			defaultConfigurationName = Release;
		};
/* End XCConfigurationList section */
	};
	rootObject = FE513777257DE1680070DB08 /* Project object */;
}
